PODS:
  - Locksmith (2.0.8)
  - PSOperations (2.2.0)
  - SQLite.swift (0.10.1)
  - Swiftification (5.3.0)

DEPENDENCIES:
  - Locksmith
  - PSOperations
  - SQLite.swift
  - Swiftification

SPEC CHECKSUMS:
  Locksmith: a8ed41ac4c06506ea8cb199d8ec8a8d3d108eb2a
  PSOperations: 9abf8b5f513ca2934d0a20634d3e7a77b0449dfe
  SQLite.swift: 6a6e4b034efc317ce4e203b6af2d3024fee2b570
  Swiftification: be032aa7435a457d4ddf2110589741c3c636d2b8

COCOAPODS: 0.39.0
