PODS:
  - Locksmith (3.0.0)
  - ProcedureKit (4.0.0.beta.5):
    - ProcedureKit/Standard (= 4.0.0.beta.5)
  - ProcedureKit/Standard (4.0.0.beta.5)
  - SQLite.swift (0.11.0):
    - SQLite.swift/standard (= 0.11.0)
  - SQLite.swift/standard (0.11.0)
  - Swiftification (9.0.0)

DEPENDENCIES:
  - Locksmith
  - ProcedureKit (= 4.0.0.beta.5)
  - SQLite.swift
  - Swiftification

SPEC CHECKSUMS:
  Locksmith: 310b4cc5031af5728bf4db5d4de547a5100c6a3b
  ProcedureKit: ab82259f0b8e0c7a91d6c2883b443723eb0dbd56
  SQLite.swift: 9a26273607d3077a2e5a8d33486e9989f8404c7d
  Swiftification: c18c937ba96b58cb78e8c19f8734f48a483b6479

PODFILE CHECKSUM: 1a3ee86c7999b728268520688ae9c0cf67de7023

COCOAPODS: 1.2.0.beta.1
