// !$*UTF8*$!
{
	archiveVersion = 1;
	classes = {
	};
	objectVersion = 46;
	objects = {

/* Begin PBXBuildFile section */
		238484ECA623D80F940119C3 /* Pods_LDSAnnotations_LDSAnnotationsDemo.framework in Frameworks */ = {isa = PBXBuildFile; fileRef = 935C937EB4650D379E4F988C /* Pods_LDSAnnotations_LDSAnnotationsDemo.framework */; };
		D442777F1D01E6D70064C1AC /* AnnotationStore+Username.swift in Sources */ = {isa = PBXBuildFile; fileRef = D442777E1D01E6D70064C1AC /* AnnotationStore+Username.swift */; };
		D44277831D01E82F0064C1AC /* NSFileManager+URLs.swift in Sources */ = {isa = PBXBuildFile; fileRef = D44277821D01E82F0064C1AC /* NSFileManager+URLs.swift */; };
		D4BCDA1C1CA5A40B001EE71F /* AnnotationsViewController.swift in Sources */ = {isa = PBXBuildFile; fileRef = D4BCDA1B1CA5A40B001EE71F /* AnnotationsViewController.swift */; };
		D4BCDA1E1CA5A5AD001EE71F /* AnnotationViewController.swift in Sources */ = {isa = PBXBuildFile; fileRef = D4BCDA1D1CA5A5AD001EE71F /* AnnotationViewController.swift */; };
		D90A3CD01C95C5B40060094B /* LDSAnnotations.framework in Frameworks */ = {isa = PBXBuildFile; fileRef = D90A3CCF1C95C5B40060094B /* LDSAnnotations.framework */; };
		D992348B1C663FF500177FD2 /* Session+Extras.swift in Sources */ = {isa = PBXBuildFile; fileRef = D992348A1C663FF500177FD2 /* Session+Extras.swift */; };
		D99234931C668D3200177FD2 /* AccountViewController.swift in Sources */ = {isa = PBXBuildFile; fileRef = D99234921C668D3200177FD2 /* AccountViewController.swift */; };
		D99234951C668FE300177FD2 /* Value1TableViewCell.swift in Sources */ = {isa = PBXBuildFile; fileRef = D99234941C668FE300177FD2 /* Value1TableViewCell.swift */; };
		D992349C1C669DA600177FD2 /* NotebooksViewController.swift in Sources */ = {isa = PBXBuildFile; fileRef = D992349B1C669DA600177FD2 /* NotebooksViewController.swift */; };
		D9C470AB1C612E0A00EDCD69 /* AppDelegate.swift in Sources */ = {isa = PBXBuildFile; fileRef = D9C470AA1C612E0A00EDCD69 /* AppDelegate.swift */; };
		D9C470AD1C612E0A00EDCD69 /* AccountsViewController.swift in Sources */ = {isa = PBXBuildFile; fileRef = D9C470AC1C612E0A00EDCD69 /* AccountsViewController.swift */; };
		D9C470B21C612E0A00EDCD69 /* Assets.xcassets in Resources */ = {isa = PBXBuildFile; fileRef = D9C470B11C612E0A00EDCD69 /* Assets.xcassets */; };
		D9C470B51C612E0A00EDCD69 /* LaunchScreen.storyboard in Resources */ = {isa = PBXBuildFile; fileRef = D9C470B31C612E0A00EDCD69 /* LaunchScreen.storyboard */; };
		D9E25A5E1D2EA9740065A2C2 /* SubtitleTableViewCell.swift in Sources */ = {isa = PBXBuildFile; fileRef = D9E25A5D1D2EA9740065A2C2 /* SubtitleTableViewCell.swift */; };
/* End PBXBuildFile section */

/* Begin PBXFileReference section */
		30963D6DD85B60A79388F06E /* Pods.framework */ = {isa = PBXFileReference; explicitFileType = wrapper.framework; includeInIndex = 0; path = Pods.framework; sourceTree = BUILT_PRODUCTS_DIR; };
		935C937EB4650D379E4F988C /* Pods_LDSAnnotations_LDSAnnotationsDemo.framework */ = {isa = PBXFileReference; explicitFileType = wrapper.framework; includeInIndex = 0; path = Pods_LDSAnnotations_LDSAnnotationsDemo.framework; sourceTree = BUILT_PRODUCTS_DIR; };
		C79FDB571F9921D77F2134F0 /* Pods-LDSAnnotations-LDSAnnotationsDemo.debug.xcconfig */ = {isa = PBXFileReference; includeInIndex = 1; lastKnownFileType = text.xcconfig; name = "Pods-LDSAnnotations-LDSAnnotationsDemo.debug.xcconfig"; path = "Pods/Target Support Files/Pods-LDSAnnotations-LDSAnnotationsDemo/Pods-LDSAnnotations-LDSAnnotationsDemo.debug.xcconfig"; sourceTree = "<group>"; };
		D442777E1D01E6D70064C1AC /* AnnotationStore+Username.swift */ = {isa = PBXFileReference; fileEncoding = 4; lastKnownFileType = sourcecode.swift; path = "AnnotationStore+Username.swift"; sourceTree = "<group>"; };
		D44277821D01E82F0064C1AC /* NSFileManager+URLs.swift */ = {isa = PBXFileReference; fileEncoding = 4; lastKnownFileType = sourcecode.swift; path = "NSFileManager+URLs.swift"; sourceTree = "<group>"; };
		D4BCDA1B1CA5A40B001EE71F /* AnnotationsViewController.swift */ = {isa = PBXFileReference; fileEncoding = 4; lastKnownFileType = sourcecode.swift; path = AnnotationsViewController.swift; sourceTree = "<group>"; };
		D4BCDA1D1CA5A5AD001EE71F /* AnnotationViewController.swift */ = {isa = PBXFileReference; fileEncoding = 4; lastKnownFileType = sourcecode.swift; path = AnnotationViewController.swift; sourceTree = "<group>"; };
		D90A3CCF1C95C5B40060094B /* LDSAnnotations.framework */ = {isa = PBXFileReference; lastKnownFileType = wrapper.framework; name = LDSAnnotations.framework; path = "build/Debug-iphoneos/LDSAnnotations.framework"; sourceTree = "<group>"; };
		D992348A1C663FF500177FD2 /* Session+Extras.swift */ = {isa = PBXFileReference; fileEncoding = 4; lastKnownFileType = sourcecode.swift; path = "Session+Extras.swift"; sourceTree = "<group>"; };
		D99234921C668D3200177FD2 /* AccountViewController.swift */ = {isa = PBXFileReference; fileEncoding = 4; lastKnownFileType = sourcecode.swift; path = AccountViewController.swift; sourceTree = "<group>"; };
		D99234941C668FE300177FD2 /* Value1TableViewCell.swift */ = {isa = PBXFileReference; fileEncoding = 4; lastKnownFileType = sourcecode.swift; path = Value1TableViewCell.swift; sourceTree = "<group>"; };
		D992349B1C669DA600177FD2 /* NotebooksViewController.swift */ = {isa = PBXFileReference; fileEncoding = 4; lastKnownFileType = sourcecode.swift; path = NotebooksViewController.swift; sourceTree = "<group>"; };
		D9C470A71C612E0A00EDCD69 /* LDSAnnotationsDemo.app */ = {isa = PBXFileReference; explicitFileType = wrapper.application; includeInIndex = 0; path = LDSAnnotationsDemo.app; sourceTree = BUILT_PRODUCTS_DIR; };
		D9C470AA1C612E0A00EDCD69 /* AppDelegate.swift */ = {isa = PBXFileReference; lastKnownFileType = sourcecode.swift; path = AppDelegate.swift; sourceTree = "<group>"; };
		D9C470AC1C612E0A00EDCD69 /* AccountsViewController.swift */ = {isa = PBXFileReference; lastKnownFileType = sourcecode.swift; path = AccountsViewController.swift; sourceTree = "<group>"; };
		D9C470B11C612E0A00EDCD69 /* Assets.xcassets */ = {isa = PBXFileReference; lastKnownFileType = folder.assetcatalog; path = Assets.xcassets; sourceTree = "<group>"; };
		D9C470B41C612E0A00EDCD69 /* Base */ = {isa = PBXFileReference; lastKnownFileType = file.storyboard; name = Base; path = Base.lproj/LaunchScreen.storyboard; sourceTree = "<group>"; };
		D9C470B61C612E0A00EDCD69 /* Info.plist */ = {isa = PBXFileReference; lastKnownFileType = text.plist.xml; path = Info.plist; sourceTree = "<group>"; };
		D9C470C01C612E8D00EDCD69 /* LDSAnnotations.framework */ = {isa = PBXFileReference; lastKnownFileType = wrapper.framework; name = LDSAnnotations.framework; path = "../build/Debug-iphoneos/LDSAnnotations.framework"; sourceTree = "<group>"; };
		D9E25A5D1D2EA9740065A2C2 /* SubtitleTableViewCell.swift */ = {isa = PBXFileReference; fileEncoding = 4; lastKnownFileType = sourcecode.swift; path = SubtitleTableViewCell.swift; sourceTree = "<group>"; };
		DC73609DE0CE0189776889C3 /* Pods-LDSAnnotations-LDSAnnotationsDemo.release.xcconfig */ = {isa = PBXFileReference; includeInIndex = 1; lastKnownFileType = text.xcconfig; name = "Pods-LDSAnnotations-LDSAnnotationsDemo.release.xcconfig"; path = "Pods/Target Support Files/Pods-LDSAnnotations-LDSAnnotationsDemo/Pods-LDSAnnotations-LDSAnnotationsDemo.release.xcconfig"; sourceTree = "<group>"; };
/* End PBXFileReference section */

/* Begin PBXFrameworksBuildPhase section */
		D9C470A41C612E0A00EDCD69 /* Frameworks */ = {
			isa = PBXFrameworksBuildPhase;
			buildActionMask = 2147483647;
			files = (
				D90A3CD01C95C5B40060094B /* LDSAnnotations.framework in Frameworks */,
				238484ECA623D80F940119C3 /* Pods_LDSAnnotations_LDSAnnotationsDemo.framework in Frameworks */,
			);
			runOnlyForDeploymentPostprocessing = 0;
		};
/* End PBXFrameworksBuildPhase section */

/* Begin PBXGroup section */
		6561AA0F78A337891C8B6CE9 /* Pods */ = {
			isa = PBXGroup;
			children = (
				C79FDB571F9921D77F2134F0 /* Pods-LDSAnnotations-LDSAnnotationsDemo.debug.xcconfig */,
				DC73609DE0CE0189776889C3 /* Pods-LDSAnnotations-LDSAnnotationsDemo.release.xcconfig */,
			);
			name = Pods;
			sourceTree = "<group>";
		};
		D4BCDA1A1CA5A3EE001EE71F /* Annotations */ = {
			isa = PBXGroup;
			children = (
				D4BCDA1B1CA5A40B001EE71F /* AnnotationsViewController.swift */,
				D9E25A5D1D2EA9740065A2C2 /* SubtitleTableViewCell.swift */,
				D4BCDA1D1CA5A5AD001EE71F /* AnnotationViewController.swift */,
			);
			name = Annotations;
			sourceTree = "<group>";
		};
		D99234881C66364600177FD2 /* Main */ = {
			isa = PBXGroup;
			children = (
				D44277821D01E82F0064C1AC /* NSFileManager+URLs.swift */,
				D9C470AA1C612E0A00EDCD69 /* AppDelegate.swift */,
				D992348A1C663FF500177FD2 /* Session+Extras.swift */,
			);
			name = Main;
			sourceTree = "<group>";
		};
		D99234891C66365B00177FD2 /* Supporting Files */ = {
			isa = PBXGroup;
			children = (
				D9C470B11C612E0A00EDCD69 /* Assets.xcassets */,
				D9C470B31C612E0A00EDCD69 /* LaunchScreen.storyboard */,
				D9C470B61C612E0A00EDCD69 /* Info.plist */,
			);
			name = "Supporting Files";
			sourceTree = "<group>";
		};
		D99234981C669D7800177FD2 /* Account */ = {
			isa = PBXGroup;
			children = (
				D99234921C668D3200177FD2 /* AccountViewController.swift */,
				D99234941C668FE300177FD2 /* Value1TableViewCell.swift */,
			);
			name = Account;
			sourceTree = "<group>";
		};
		D99234991C669D8100177FD2 /* Accounts */ = {
			isa = PBXGroup;
			children = (
				D99234981C669D7800177FD2 /* Account */,
				D9C470AC1C612E0A00EDCD69 /* AccountsViewController.swift */,
				D442777E1D01E6D70064C1AC /* AnnotationStore+Username.swift */,
			);
			name = Accounts;
			sourceTree = "<group>";
		};
		D992349A1C669D9400177FD2 /* Notebooks */ = {
			isa = PBXGroup;
			children = (
				D992349B1C669DA600177FD2 /* NotebooksViewController.swift */,
			);
			name = Notebooks;
			sourceTree = "<group>";
		};
		D9C4709E1C612E0A00EDCD69 = {
			isa = PBXGroup;
			children = (
				D9C470A91C612E0A00EDCD69 /* LDSAnnotationsDemo */,
				D9C470A81C612E0A00EDCD69 /* Products */,
				D9C470C21C612E9000EDCD69 /* Frameworks */,
				6561AA0F78A337891C8B6CE9 /* Pods */,
			);
			sourceTree = "<group>";
		};
		D9C470A81C612E0A00EDCD69 /* Products */ = {
			isa = PBXGroup;
			children = (
				D9C470A71C612E0A00EDCD69 /* LDSAnnotationsDemo.app */,
			);
			name = Products;
			sourceTree = "<group>";
		};
		D9C470A91C612E0A00EDCD69 /* LDSAnnotationsDemo */ = {
			isa = PBXGroup;
			children = (
				D99234881C66364600177FD2 /* Main */,
				D99234991C669D8100177FD2 /* Accounts */,
				D4BCDA1A1CA5A3EE001EE71F /* Annotations */,
				D992349A1C669D9400177FD2 /* Notebooks */,
				D99234891C66365B00177FD2 /* Supporting Files */,
			);
			path = LDSAnnotationsDemo;
			sourceTree = "<group>";
		};
		D9C470C21C612E9000EDCD69 /* Frameworks */ = {
			isa = PBXGroup;
			children = (
				D90A3CCF1C95C5B40060094B /* LDSAnnotations.framework */,
				D9C470C01C612E8D00EDCD69 /* LDSAnnotations.framework */,
				30963D6DD85B60A79388F06E /* Pods.framework */,
				935C937EB4650D379E4F988C /* Pods_LDSAnnotations_LDSAnnotationsDemo.framework */,
			);
			name = Frameworks;
			sourceTree = "<group>";
		};
/* End PBXGroup section */

/* Begin PBXNativeTarget section */
		D9C470A61C612E0A00EDCD69 /* LDSAnnotationsDemo */ = {
			isa = PBXNativeTarget;
			buildConfigurationList = D9C470B91C612E0A00EDCD69 /* Build configuration list for PBXNativeTarget "LDSAnnotationsDemo" */;
			buildPhases = (
				C750490B63BF7611505B5C97 /* [CP] Check Pods Manifest.lock */,
				D9C470A31C612E0A00EDCD69 /* Sources */,
				D9C470A41C612E0A00EDCD69 /* Frameworks */,
				D9C470A51C612E0A00EDCD69 /* Resources */,
				FCB880BA6C43CD83D126ABCC /* [CP] Embed Pods Frameworks */,
				3B343B6E3DF5174CFBDAC19D /* [CP] Copy Pods Resources */,
			);
			buildRules = (
			);
			dependencies = (
			);
			name = LDSAnnotationsDemo;
			productName = LDSAnnotationsDemo;
			productReference = D9C470A71C612E0A00EDCD69 /* LDSAnnotationsDemo.app */;
			productType = "com.apple.product-type.application";
		};
/* End PBXNativeTarget section */

/* Begin PBXProject section */
		D9C4709F1C612E0A00EDCD69 /* Project object */ = {
			isa = PBXProject;
			attributes = {
				LastSwiftUpdateCheck = 0720;
				LastUpgradeCheck = 0810;
				ORGANIZATIONNAME = "Hilton Campbell";
				TargetAttributes = {
					D9C470A61C612E0A00EDCD69 = {
						CreatedOnToolsVersion = 7.2;
						LastSwiftMigration = 0810;
					};
				};
			};
			buildConfigurationList = D9C470A21C612E0A00EDCD69 /* Build configuration list for PBXProject "LDSAnnotationsDemo" */;
			compatibilityVersion = "Xcode 3.2";
			developmentRegion = English;
			hasScannedForEncodings = 0;
			knownRegions = (
				en,
				Base,
			);
			mainGroup = D9C4709E1C612E0A00EDCD69;
			productRefGroup = D9C470A81C612E0A00EDCD69 /* Products */;
			projectDirPath = "";
			projectRoot = "";
			targets = (
				D9C470A61C612E0A00EDCD69 /* LDSAnnotationsDemo */,
			);
		};
/* End PBXProject section */

/* Begin PBXResourcesBuildPhase section */
		D9C470A51C612E0A00EDCD69 /* Resources */ = {
			isa = PBXResourcesBuildPhase;
			buildActionMask = 2147483647;
			files = (
				D9C470B51C612E0A00EDCD69 /* LaunchScreen.storyboard in Resources */,
				D9C470B21C612E0A00EDCD69 /* Assets.xcassets in Resources */,
			);
			runOnlyForDeploymentPostprocessing = 0;
		};
/* End PBXResourcesBuildPhase section */

/* Begin PBXShellScriptBuildPhase section */
		3B343B6E3DF5174CFBDAC19D /* [CP] Copy Pods Resources */ = {
			isa = PBXShellScriptBuildPhase;
			buildActionMask = 2147483647;
			files = (
			);
			inputPaths = (
			);
			name = "[CP] Copy Pods Resources";
			outputPaths = (
			);
			runOnlyForDeploymentPostprocessing = 0;
			shellPath = /bin/sh;
			shellScript = "\"${SRCROOT}/Pods/Target Support Files/Pods-LDSAnnotations-LDSAnnotationsDemo/Pods-LDSAnnotations-LDSAnnotationsDemo-resources.sh\"\n";
			showEnvVarsInLog = 0;
		};
		C750490B63BF7611505B5C97 /* [CP] Check Pods Manifest.lock */ = {
			isa = PBXShellScriptBuildPhase;
			buildActionMask = 2147483647;
			files = (
			);
			inputPaths = (
			);
			name = "[CP] Check Pods Manifest.lock";
			outputPaths = (
			);
			runOnlyForDeploymentPostprocessing = 0;
			shellPath = /bin/sh;
			shellScript = "diff \"${PODS_ROOT}/../Podfile.lock\" \"${PODS_ROOT}/Manifest.lock\" > /dev/null\nif [ $? != 0 ] ; then\n    # print error to STDERR\n    echo \"error: The sandbox is not in sync with the Podfile.lock. Run 'pod install' or update your CocoaPods installation.\" >&2\n    exit 1\nfi\n";
			showEnvVarsInLog = 0;
		};
		FCB880BA6C43CD83D126ABCC /* [CP] Embed Pods Frameworks */ = {
			isa = PBXShellScriptBuildPhase;
			buildActionMask = 2147483647;
			files = (
			);
			inputPaths = (
			);
			name = "[CP] Embed Pods Frameworks";
			outputPaths = (
			);
			runOnlyForDeploymentPostprocessing = 0;
			shellPath = /bin/sh;
			shellScript = "\"${SRCROOT}/Pods/Target Support Files/Pods-LDSAnnotations-LDSAnnotationsDemo/Pods-LDSAnnotations-LDSAnnotationsDemo-frameworks.sh\"\n";
			showEnvVarsInLog = 0;
		};
/* End PBXShellScriptBuildPhase section */

/* Begin PBXSourcesBuildPhase section */
		D9C470A31C612E0A00EDCD69 /* Sources */ = {
			isa = PBXSourcesBuildPhase;
			buildActionMask = 2147483647;
			files = (
				D9C470AD1C612E0A00EDCD69 /* AccountsViewController.swift in Sources */,
				D99234931C668D3200177FD2 /* AccountViewController.swift in Sources */,
				D44277831D01E82F0064C1AC /* NSFileManager+URLs.swift in Sources */,
				D9C470AB1C612E0A00EDCD69 /* AppDelegate.swift in Sources */,
				D9E25A5E1D2EA9740065A2C2 /* SubtitleTableViewCell.swift in Sources */,
				D4BCDA1C1CA5A40B001EE71F /* AnnotationsViewController.swift in Sources */,
				D992349C1C669DA600177FD2 /* NotebooksViewController.swift in Sources */,
				D99234951C668FE300177FD2 /* Value1TableViewCell.swift in Sources */,
				D442777F1D01E6D70064C1AC /* AnnotationStore+Username.swift in Sources */,
				D992348B1C663FF500177FD2 /* Session+Extras.swift in Sources */,
				D4BCDA1E1CA5A5AD001EE71F /* AnnotationViewController.swift in Sources */,
			);
			runOnlyForDeploymentPostprocessing = 0;
		};
/* End PBXSourcesBuildPhase section */

/* Begin PBXVariantGroup section */
		D9C470B31C612E0A00EDCD69 /* LaunchScreen.storyboard */ = {
			isa = PBXVariantGroup;
			children = (
				D9C470B41C612E0A00EDCD69 /* Base */,
			);
			name = LaunchScreen.storyboard;
			sourceTree = "<group>";
		};
/* End PBXVariantGroup section */

/* Begin XCBuildConfiguration section */
		D9C470B71C612E0A00EDCD69 /* Debug */ = {
			isa = XCBuildConfiguration;
			buildSettings = {
				ALWAYS_SEARCH_USER_PATHS = NO;
				CLANG_CXX_LANGUAGE_STANDARD = "gnu++0x";
				CLANG_CXX_LIBRARY = "libc++";
				CLANG_ENABLE_MODULES = YES;
				CLANG_ENABLE_OBJC_ARC = YES;
				CLANG_WARN_BOOL_CONVERSION = YES;
				CLANG_WARN_CONSTANT_CONVERSION = YES;
				CLANG_WARN_DIRECT_OBJC_ISA_USAGE = YES_ERROR;
				CLANG_WARN_EMPTY_BODY = YES;
				CLANG_WARN_ENUM_CONVERSION = YES;
				CLANG_WARN_INFINITE_RECURSION = YES;
				CLANG_WARN_INT_CONVERSION = YES;
				CLANG_WARN_OBJC_ROOT_CLASS = YES_ERROR;
				CLANG_WARN_SUSPICIOUS_MOVE = YES;
				CLANG_WARN_UNREACHABLE_CODE = YES;
				CLANG_WARN__DUPLICATE_METHOD_MATCH = YES;
				"CODE_SIGN_IDENTITY[sdk=iphoneos*]" = "iPhone Developer";
				COPY_PHASE_STRIP = NO;
				DEBUG_INFORMATION_FORMAT = dwarf;
				ENABLE_STRICT_OBJC_MSGSEND = YES;
				ENABLE_TESTABILITY = YES;
				GCC_C_LANGUAGE_STANDARD = gnu99;
				GCC_DYNAMIC_NO_PIC = NO;
				GCC_NO_COMMON_BLOCKS = YES;
				GCC_OPTIMIZATION_LEVEL = 0;
				GCC_PREPROCESSOR_DEFINITIONS = (
					"DEBUG=1",
					"$(inherited)",
				);
				GCC_WARN_64_TO_32_BIT_CONVERSION = YES;
				GCC_WARN_ABOUT_RETURN_TYPE = YES_ERROR;
				GCC_WARN_UNDECLARED_SELECTOR = YES;
				GCC_WARN_UNINITIALIZED_AUTOS = YES_AGGRESSIVE;
				GCC_WARN_UNUSED_FUNCTION = YES;
				GCC_WARN_UNUSED_VARIABLE = YES;
				IPHONEOS_DEPLOYMENT_TARGET = 9.2;
				MTL_ENABLE_DEBUG_INFO = YES;
				ONLY_ACTIVE_ARCH = YES;
				SDKROOT = iphoneos;
				SWIFT_OPTIMIZATION_LEVEL = "-Onone";
				TARGETED_DEVICE_FAMILY = "1,2";
			};
			name = Debug;
		};
		D9C470B81C612E0A00EDCD69 /* Release */ = {
			isa = XCBuildConfiguration;
			buildSettings = {
				ALWAYS_SEARCH_USER_PATHS = NO;
				CLANG_CXX_LANGUAGE_STANDARD = "gnu++0x";
				CLANG_CXX_LIBRARY = "libc++";
				CLANG_ENABLE_MODULES = YES;
				CLANG_ENABLE_OBJC_ARC = YES;
				CLANG_WARN_BOOL_CONVERSION = YES;
				CLANG_WARN_CONSTANT_CONVERSION = YES;
				CLANG_WARN_DIRECT_OBJC_ISA_USAGE = YES_ERROR;
				CLANG_WARN_EMPTY_BODY = YES;
				CLANG_WARN_ENUM_CONVERSION = YES;
				CLANG_WARN_INFINITE_RECURSION = YES;
				CLANG_WARN_INT_CONVERSION = YES;
				CLANG_WARN_OBJC_ROOT_CLASS = YES_ERROR;
				CLANG_WARN_SUSPICIOUS_MOVE = YES;
				CLANG_WARN_UNREACHABLE_CODE = YES;
				CLANG_WARN__DUPLICATE_METHOD_MATCH = YES;
				"CODE_SIGN_IDENTITY[sdk=iphoneos*]" = "iPhone Developer";
				COPY_PHASE_STRIP = NO;
				DEBUG_INFORMATION_FORMAT = "dwarf-with-dsym";
				ENABLE_NS_ASSERTIONS = NO;
				ENABLE_STRICT_OBJC_MSGSEND = YES;
				GCC_C_LANGUAGE_STANDARD = gnu99;
				GCC_NO_COMMON_BLOCKS = YES;
				GCC_WARN_64_TO_32_BIT_CONVERSION = YES;
				GCC_WARN_ABOUT_RETURN_TYPE = YES_ERROR;
				GCC_WARN_UNDECLARED_SELECTOR = YES;
				GCC_WARN_UNINITIALIZED_AUTOS = YES_AGGRESSIVE;
				GCC_WARN_UNUSED_FUNCTION = YES;
				GCC_WARN_UNUSED_VARIABLE = YES;
				IPHONEOS_DEPLOYMENT_TARGET = 9.2;
				MTL_ENABLE_DEBUG_INFO = NO;
				SDKROOT = iphoneos;
				SWIFT_OPTIMIZATION_LEVEL = "-Owholemodule";
				TARGETED_DEVICE_FAMILY = "1,2";
				VALIDATE_PRODUCT = YES;
			};
			name = Release;
		};
		D9C470BA1C612E0A00EDCD69 /* Debug */ = {
			isa = XCBuildConfiguration;
			baseConfigurationReference = C79FDB571F9921D77F2134F0 /* Pods-LDSAnnotations-LDSAnnotationsDemo.debug.xcconfig */;
			buildSettings = {
				ASSETCATALOG_COMPILER_APPICON_NAME = AppIcon;
				INFOPLIST_FILE = LDSAnnotationsDemo/Info.plist;
				LD_RUNPATH_SEARCH_PATHS = "$(inherited) @executable_path/Frameworks";
				PRODUCT_BUNDLE_IDENTIFIER = com.crosswaterbridge.LDSAnnotationsDemo;
				PRODUCT_NAME = "$(TARGET_NAME)";
				SWIFT_VERSION = 2.3;
			};
			name = Debug;
		};
		D9C470BB1C612E0A00EDCD69 /* Release */ = {
			isa = XCBuildConfiguration;
			baseConfigurationReference = DC73609DE0CE0189776889C3 /* Pods-LDSAnnotations-LDSAnnotationsDemo.release.xcconfig */;
			buildSettings = {
				ASSETCATALOG_COMPILER_APPICON_NAME = AppIcon;
				INFOPLIST_FILE = LDSAnnotationsDemo/Info.plist;
				LD_RUNPATH_SEARCH_PATHS = "$(inherited) @executable_path/Frameworks";
				PRODUCT_BUNDLE_IDENTIFIER = com.crosswaterbridge.LDSAnnotationsDemo;
				PRODUCT_NAME = "$(TARGET_NAME)";
				SWIFT_VERSION = 2.3;
			};
			name = Release;
		};
/* End XCBuildConfiguration section */

/* Begin XCConfigurationList section */
		D9C470A21C612E0A00EDCD69 /* Build configuration list for PBXProject "LDSAnnotationsDemo" */ = {
			isa = XCConfigurationList;
			buildConfigurations = (
				D9C470B71C612E0A00EDCD69 /* Debug */,
				D9C470B81C612E0A00EDCD69 /* Release */,
			);
			defaultConfigurationIsVisible = 0;
			defaultConfigurationName = Release;
		};
		D9C470B91C612E0A00EDCD69 /* Build configuration list for PBXNativeTarget "LDSAnnotationsDemo" */ = {
			isa = XCConfigurationList;
			buildConfigurations = (
				D9C470BA1C612E0A00EDCD69 /* Debug */,
				D9C470BB1C612E0A00EDCD69 /* Release */,
			);
			defaultConfigurationIsVisible = 0;
			defaultConfigurationName = Release;
		};
/* End XCConfigurationList section */
	};
	rootObject = D9C4709F1C612E0A00EDCD69 /* Project object */;
}
