// !$*UTF8*$!
{
	archiveVersion = 1;
	classes = {
	};
	objectVersion = 46;
	objects = {

/* Begin PBXBuildFile section */
		110640D31DC906A200BD620C /* AnnotationStore+Merge.swift in Sources */ = {isa = PBXBuildFile; fileRef = 110640D21DC906A200BD620C /* AnnotationStore+Merge.swift */; };
		11228F861DC92ED900DF14B5 /* AnnotationStoreMergeTests.swift in Sources */ = {isa = PBXBuildFile; fileRef = 11228F851DC92ED900DF14B5 /* AnnotationStoreMergeTests.swift */; };
		117898B11D8342EA00FC2777 /* SyncOperation.swift in Sources */ = {isa = PBXBuildFile; fileRef = 117898B01D8342EA00FC2777 /* SyncOperation.swift */; };
		62D7BDEA8988C62655386B21 /* Pods_LDSAnnotations.framework in Frameworks */ = {isa = PBXBuildFile; fileRef = 65F994EE353FC548E0829F5A /* Pods_LDSAnnotations.framework */; };
		C0F4661ACDB75A9524871D89 /* Pods_LDSAnnotations_LDSAnnotationsTests.framework in Frameworks */ = {isa = PBXBuildFile; fileRef = 1EA770A28615F5691ADAD66C /* Pods_LDSAnnotations_LDSAnnotationsTests.framework */; };
		D40ADDD01D0F0BEE004FA7F5 /* OrderBy.swift in Sources */ = {isa = PBXBuildFile; fileRef = D40ADDCF1D0F0BEE004FA7F5 /* OrderBy.swift */; };
		D40F0A221C975368002D61EA /* Annotation.swift in Sources */ = {isa = PBXBuildFile; fileRef = D40F0A211C975368002D61EA /* Annotation.swift */; };
		D40F0A261C976507002D61EA /* Highlight.swift in Sources */ = {isa = PBXBuildFile; fileRef = D40F0A251C976507002D61EA /* Highlight.swift */; };
		D40F0A281C976634002D61EA /* HighlightStyle.swift in Sources */ = {isa = PBXBuildFile; fileRef = D40F0A271C976634002D61EA /* HighlightStyle.swift */; };
		D40F0A2A1C97693C002D61EA /* Note.swift in Sources */ = {isa = PBXBuildFile; fileRef = D40F0A291C97693C002D61EA /* Note.swift */; };
		D40F0A2C1C976A58002D61EA /* Tag.swift in Sources */ = {isa = PBXBuildFile; fileRef = D40F0A2B1C976A58002D61EA /* Tag.swift */; };
		D40F0A2E1C976B7E002D61EA /* Link.swift in Sources */ = {isa = PBXBuildFile; fileRef = D40F0A2D1C976B7E002D61EA /* Link.swift */; };
		D40F0A301C977129002D61EA /* Bookmark.swift in Sources */ = {isa = PBXBuildFile; fileRef = D40F0A2F1C977129002D61EA /* Bookmark.swift */; };
		D44424381E2555FC0082B2EE /* AnnotationType.swift in Sources */ = {isa = PBXBuildFile; fileRef = D44424371E2555FC0082B2EE /* AnnotationType.swift */; };
		D466C6511D3B28F300F18A12 /* ParagraphRange.swift in Sources */ = {isa = PBXBuildFile; fileRef = D466C6501D3B28F300F18A12 /* ParagraphRange.swift */; };
		D48107561D50F99C00D70685 /* SessionNotificationsTests.swift in Sources */ = {isa = PBXBuildFile; fileRef = D48107551D50F99C00D70685 /* SessionNotificationsTests.swift */; };
		D48107581D51034A00D70685 /* XCTestCase+LDSAnnotations.swift in Sources */ = {isa = PBXBuildFile; fileRef = D48107571D51034A00D70685 /* XCTestCase+LDSAnnotations.swift */; };
		D48FD6A31C9B0C640089EA68 /* AnnotationNotebook.swift in Sources */ = {isa = PBXBuildFile; fileRef = D48FD6A21C9B0C640089EA68 /* AnnotationNotebook.swift */; };
		D48FD6A51C9B0CC70089EA68 /* AnnotationStore+AnnotationNotebook.swift in Sources */ = {isa = PBXBuildFile; fileRef = D48FD6A41C9B0CC70089EA68 /* AnnotationStore+AnnotationNotebook.swift */; };
		D49E240A1D0072D100052511 /* AccountController.swift in Sources */ = {isa = PBXBuildFile; fileRef = D49E24091D0072D100052511 /* AccountController.swift */; };
		D4A90CE01C986F5D0010F8F2 /* SyncAnnotationsOperation.swift in Sources */ = {isa = PBXBuildFile; fileRef = D4A90CDF1C986F5D0010F8F2 /* SyncAnnotationsOperation.swift */; };
		D4A90CE21C986FB40010F8F2 /* SyncAnnotationsResult.swift in Sources */ = {isa = PBXBuildFile; fileRef = D4A90CE11C986FB40010F8F2 /* SyncAnnotationsResult.swift */; };
		D4A90CE41C9876230010F8F2 /* AnnotationStore+Notebook.swift in Sources */ = {isa = PBXBuildFile; fileRef = D4A90CE31C9876230010F8F2 /* AnnotationStore+Notebook.swift */; };
		D4A90CE61C9877B10010F8F2 /* AnnotationStore+Annotation.swift in Sources */ = {isa = PBXBuildFile; fileRef = D4A90CE51C9877B10010F8F2 /* AnnotationStore+Annotation.swift */; };
		D4A90CE81C988FBD0010F8F2 /* AnnotationStore+Note.swift in Sources */ = {isa = PBXBuildFile; fileRef = D4A90CE71C988FBD0010F8F2 /* AnnotationStore+Note.swift */; };
		D4AB10FB1D5134D8001C3C0E /* SyncAnnotationsTests.swift in Sources */ = {isa = PBXBuildFile; fileRef = D4AB10FA1D5134D8001C3C0E /* SyncAnnotationsTests.swift */; };
		D4ACFD361C99DD57008CEF22 /* AnnotationStore+Bookmark.swift in Sources */ = {isa = PBXBuildFile; fileRef = D4ACFD351C99DD57008CEF22 /* AnnotationStore+Bookmark.swift */; };
		D4ACFD381C99E1DC008CEF22 /* AnnotationStore+Highlight.swift in Sources */ = {isa = PBXBuildFile; fileRef = D4ACFD371C99E1DC008CEF22 /* AnnotationStore+Highlight.swift */; };
		D4ACFD3A1C99EB37008CEF22 /* AnnotationStore+Tag.swift in Sources */ = {isa = PBXBuildFile; fileRef = D4ACFD391C99EB37008CEF22 /* AnnotationStore+Tag.swift */; };
		D4ACFD3C1C99ECF1008CEF22 /* AnnotationTag.swift in Sources */ = {isa = PBXBuildFile; fileRef = D4ACFD3B1C99ECF1008CEF22 /* AnnotationTag.swift */; };
		D4ACFD3E1C99EDF0008CEF22 /* AnnotationStore+AnnotationTag.swift in Sources */ = {isa = PBXBuildFile; fileRef = D4ACFD3D1C99EDF0008CEF22 /* AnnotationStore+AnnotationTag.swift */; };
		D4ACFD401C99F6A5008CEF22 /* AnnotationStore+Link.swift in Sources */ = {isa = PBXBuildFile; fileRef = D4ACFD3F1C99F6A5008CEF22 /* AnnotationStore+Link.swift */; };
		D90A3CE11C95C6FE0060094B /* LDSAnnotations.framework in Frameworks */ = {isa = PBXBuildFile; fileRef = D943055E1C5C184B00FA14B6 /* LDSAnnotations.framework */; };
		D90A3CE91C95C7280060094B /* AuthenticationTests.swift in Sources */ = {isa = PBXBuildFile; fileRef = D90A3CE71C95C7280060094B /* AuthenticationTests.swift */; };
		D90A3CEA1C95C7280060094B /* SyncNotebooksTests.swift in Sources */ = {isa = PBXBuildFile; fileRef = D90A3CE81C95C7280060094B /* SyncNotebooksTests.swift */; };
		D94305621C5C184B00FA14B6 /* LDSAnnotations.h in Headers */ = {isa = PBXBuildFile; fileRef = D94305611C5C184B00FA14B6 /* LDSAnnotations.h */; settings = {ATTRIBUTES = (Public, ); }; };
		D94305791C5C237B00FA14B6 /* Session.swift in Sources */ = {isa = PBXBuildFile; fileRef = D94305781C5C237B00FA14B6 /* Session.swift */; };
		D95392CE1D025FA100CB4921 /* XCTAsserts.swift in Sources */ = {isa = PBXBuildFile; fileRef = D95392CD1D025FA100CB4921 /* XCTAsserts.swift */; };
		D95392D01D02611200CB4921 /* LinkTests.swift in Sources */ = {isa = PBXBuildFile; fileRef = D95392CF1D02611200CB4921 /* LinkTests.swift */; };
		D95F19B31CD664B2008618AA /* BookmarkTests.swift in Sources */ = {isa = PBXBuildFile; fileRef = D95F19B21CD664B2008618AA /* BookmarkTests.swift */; };
		D95F19B51CD66F09008618AA /* AnnotationStoreTests.swift in Sources */ = {isa = PBXBuildFile; fileRef = D95F19B41CD66F09008618AA /* AnnotationStoreTests.swift */; };
		D95F19B71CD6CE67008618AA /* SyncResult.swift in Sources */ = {isa = PBXBuildFile; fileRef = D95F19B61CD6CE67008618AA /* SyncResult.swift */; };
		D95F19CD1CD79BB6008618AA /* TrustPolicy.swift in Sources */ = {isa = PBXBuildFile; fileRef = D95F19CC1CD79BB6008618AA /* TrustPolicy.swift */; };
		D95F19CF1CD8DC42008618AA /* SyncChanges.swift in Sources */ = {isa = PBXBuildFile; fileRef = D95F19CE1CD8DC42008618AA /* SyncChanges.swift */; };
		D95F19D11CD8DCED008618AA /* SyncNotebooksChanges.swift in Sources */ = {isa = PBXBuildFile; fileRef = D95F19D01CD8DCED008618AA /* SyncNotebooksChanges.swift */; };
		D95F19D31CD8DD9C008618AA /* SyncAnnotationsChanges.swift in Sources */ = {isa = PBXBuildFile; fileRef = D95F19D21CD8DD9C008618AA /* SyncAnnotationsChanges.swift */; };
		D95F19D51CD8E4C3008618AA /* HighlightTests.swift in Sources */ = {isa = PBXBuildFile; fileRef = D95F19D41CD8E4C3008618AA /* HighlightTests.swift */; };
		D992347E1C627E6F00177FD2 /* Notebook.swift in Sources */ = {isa = PBXBuildFile; fileRef = D992347D1C627E6F00177FD2 /* Notebook.swift */; };
		D99234831C628B7C00177FD2 /* ChangeType.swift in Sources */ = {isa = PBXBuildFile; fileRef = D99234821C628B7C00177FD2 /* ChangeType.swift */; };
		D99234851C65505C00177FD2 /* SyncNotebooksResult.swift in Sources */ = {isa = PBXBuildFile; fileRef = D99234841C65505C00177FD2 /* SyncNotebooksResult.swift */; };
		D99234871C6567A200177FD2 /* SyncToken.swift in Sources */ = {isa = PBXBuildFile; fileRef = D99234861C6567A200177FD2 /* SyncToken.swift */; };
		D992349E1C66CC7100177FD2 /* NotificationSource.swift in Sources */ = {isa = PBXBuildFile; fileRef = D992349D1C66CC7100177FD2 /* NotificationSource.swift */; };
		D9C4708A1C60144800EDCD69 /* SyncNotebooksOperation.swift in Sources */ = {isa = PBXBuildFile; fileRef = D9C470891C60144800EDCD69 /* SyncNotebooksOperation.swift */; };
		D9C470951C60273400EDCD69 /* AuthenticateOperation.swift in Sources */ = {isa = PBXBuildFile; fileRef = D9C470941C60273400EDCD69 /* AuthenticateOperation.swift */; };
		D9C470971C602B4A00EDCD69 /* AuthenticateCondition.swift in Sources */ = {isa = PBXBuildFile; fileRef = D9C470961C602B4A00EDCD69 /* AuthenticateCondition.swift */; };
		D9C470991C60317E00EDCD69 /* Error.swift in Sources */ = {isa = PBXBuildFile; fileRef = D9C470981C60317E00EDCD69 /* Error.swift */; };
		D9C4709B1C60319400EDCD69 /* String+Query.swift in Sources */ = {isa = PBXBuildFile; fileRef = D9C4709A1C60319400EDCD69 /* String+Query.swift */; };
		D9C470D61C614FAE00EDCD69 /* NSDate+ISO8601.swift in Sources */ = {isa = PBXBuildFile; fileRef = D9C470D51C614FAE00EDCD69 /* NSDate+ISO8601.swift */; };
		D9C470D81C615C1300EDCD69 /* NSMutableURLRequest+Sync.swift in Sources */ = {isa = PBXBuildFile; fileRef = D9C470D71C615C1300EDCD69 /* NSMutableURLRequest+Sync.swift */; };
		D9C470DC1C61655100EDCD69 /* Response.swift in Sources */ = {isa = PBXBuildFile; fileRef = D9C470DB1C61655100EDCD69 /* Response.swift */; };
		D9C470E01C61773D00EDCD69 /* AnnotationStore.swift in Sources */ = {isa = PBXBuildFile; fileRef = D9C470DF1C61773D00EDCD69 /* AnnotationStore.swift */; };
		D9C470E21C617A0400EDCD69 /* AnnotationStatus.swift in Sources */ = {isa = PBXBuildFile; fileRef = D9C470E11C617A0400EDCD69 /* AnnotationStatus.swift */; };
		D9E25A601D2EA97E0065A2C2 /* AnnotationStoreNotificationTests.swift in Sources */ = {isa = PBXBuildFile; fileRef = D9E25A5F1D2EA97E0065A2C2 /* AnnotationStoreNotificationTests.swift */; };
/* End PBXBuildFile section */

/* Begin PBXContainerItemProxy section */
		D90A3CE21C95C6FE0060094B /* PBXContainerItemProxy */ = {
			isa = PBXContainerItemProxy;
			containerPortal = D94305551C5C184B00FA14B6 /* Project object */;
			proxyType = 1;
			remoteGlobalIDString = D943055D1C5C184B00FA14B6;
			remoteInfo = LDSAnnotations;
		};
/* End PBXContainerItemProxy section */

/* Begin PBXFileReference section */
		0F977273277E6CF53E0EE5CC /* Pods-LDSAnnotations-LDSAnnotationsTests.debug.xcconfig */ = {isa = PBXFileReference; includeInIndex = 1; lastKnownFileType = text.xcconfig; name = "Pods-LDSAnnotations-LDSAnnotationsTests.debug.xcconfig"; path = "Pods/Target Support Files/Pods-LDSAnnotations-LDSAnnotationsTests/Pods-LDSAnnotations-LDSAnnotationsTests.debug.xcconfig"; sourceTree = "<group>"; };
		110640D21DC906A200BD620C /* AnnotationStore+Merge.swift */ = {isa = PBXFileReference; fileEncoding = 4; lastKnownFileType = sourcecode.swift; path = "AnnotationStore+Merge.swift"; sourceTree = "<group>"; };
		11228F851DC92ED900DF14B5 /* AnnotationStoreMergeTests.swift */ = {isa = PBXFileReference; fileEncoding = 4; lastKnownFileType = sourcecode.swift; path = AnnotationStoreMergeTests.swift; sourceTree = "<group>"; };
		117898B01D8342EA00FC2777 /* SyncOperation.swift */ = {isa = PBXFileReference; fileEncoding = 4; lastKnownFileType = sourcecode.swift; path = SyncOperation.swift; sourceTree = "<group>"; };
		1EA770A28615F5691ADAD66C /* Pods_LDSAnnotations_LDSAnnotationsTests.framework */ = {isa = PBXFileReference; explicitFileType = wrapper.framework; includeInIndex = 0; path = Pods_LDSAnnotations_LDSAnnotationsTests.framework; sourceTree = BUILT_PRODUCTS_DIR; };
		37AD5AD0F16CBD6679922E6D /* Pods-LDSAnnotations-LDSAnnotationsTests.release.xcconfig */ = {isa = PBXFileReference; includeInIndex = 1; lastKnownFileType = text.xcconfig; name = "Pods-LDSAnnotations-LDSAnnotationsTests.release.xcconfig"; path = "Pods/Target Support Files/Pods-LDSAnnotations-LDSAnnotationsTests/Pods-LDSAnnotations-LDSAnnotationsTests.release.xcconfig"; sourceTree = "<group>"; };
		65F994EE353FC548E0829F5A /* Pods_LDSAnnotations.framework */ = {isa = PBXFileReference; explicitFileType = wrapper.framework; includeInIndex = 0; path = Pods_LDSAnnotations.framework; sourceTree = BUILT_PRODUCTS_DIR; };
		665C48DC0014C1BF3A79EFD5 /* Pods-LDSAnnotations.release.xcconfig */ = {isa = PBXFileReference; includeInIndex = 1; lastKnownFileType = text.xcconfig; name = "Pods-LDSAnnotations.release.xcconfig"; path = "Pods/Target Support Files/Pods-LDSAnnotations/Pods-LDSAnnotations.release.xcconfig"; sourceTree = "<group>"; };
		BFBB32924C908E5E60760FC4 /* Pods-LDSAnnotations.debug.xcconfig */ = {isa = PBXFileReference; includeInIndex = 1; lastKnownFileType = text.xcconfig; name = "Pods-LDSAnnotations.debug.xcconfig"; path = "Pods/Target Support Files/Pods-LDSAnnotations/Pods-LDSAnnotations.debug.xcconfig"; sourceTree = "<group>"; };
		D40ADDCF1D0F0BEE004FA7F5 /* OrderBy.swift */ = {isa = PBXFileReference; fileEncoding = 4; lastKnownFileType = sourcecode.swift; path = OrderBy.swift; sourceTree = "<group>"; };
		D40F0A211C975368002D61EA /* Annotation.swift */ = {isa = PBXFileReference; fileEncoding = 4; lastKnownFileType = sourcecode.swift; path = Annotation.swift; sourceTree = "<group>"; };
		D40F0A251C976507002D61EA /* Highlight.swift */ = {isa = PBXFileReference; fileEncoding = 4; lastKnownFileType = sourcecode.swift; path = Highlight.swift; sourceTree = "<group>"; };
		D40F0A271C976634002D61EA /* HighlightStyle.swift */ = {isa = PBXFileReference; fileEncoding = 4; lastKnownFileType = sourcecode.swift; path = HighlightStyle.swift; sourceTree = "<group>"; };
		D40F0A291C97693C002D61EA /* Note.swift */ = {isa = PBXFileReference; fileEncoding = 4; lastKnownFileType = sourcecode.swift; path = Note.swift; sourceTree = "<group>"; };
		D40F0A2B1C976A58002D61EA /* Tag.swift */ = {isa = PBXFileReference; fileEncoding = 4; lastKnownFileType = sourcecode.swift; path = Tag.swift; sourceTree = "<group>"; };
		D40F0A2D1C976B7E002D61EA /* Link.swift */ = {isa = PBXFileReference; fileEncoding = 4; lastKnownFileType = sourcecode.swift; path = Link.swift; sourceTree = "<group>"; };
		D40F0A2F1C977129002D61EA /* Bookmark.swift */ = {isa = PBXFileReference; fileEncoding = 4; lastKnownFileType = sourcecode.swift; lineEnding = 0; path = Bookmark.swift; sourceTree = "<group>"; xcLanguageSpecificationIdentifier = xcode.lang.swift; };
		D44424371E2555FC0082B2EE /* AnnotationType.swift */ = {isa = PBXFileReference; fileEncoding = 4; lastKnownFileType = sourcecode.swift; path = AnnotationType.swift; sourceTree = "<group>"; };
		D466C6501D3B28F300F18A12 /* ParagraphRange.swift */ = {isa = PBXFileReference; fileEncoding = 4; lastKnownFileType = sourcecode.swift; path = ParagraphRange.swift; sourceTree = "<group>"; };
		D48107551D50F99C00D70685 /* SessionNotificationsTests.swift */ = {isa = PBXFileReference; fileEncoding = 4; lastKnownFileType = sourcecode.swift; path = SessionNotificationsTests.swift; sourceTree = "<group>"; };
		D48107571D51034A00D70685 /* XCTestCase+LDSAnnotations.swift */ = {isa = PBXFileReference; fileEncoding = 4; lastKnownFileType = sourcecode.swift; path = "XCTestCase+LDSAnnotations.swift"; sourceTree = "<group>"; };
		D48FD6A21C9B0C640089EA68 /* AnnotationNotebook.swift */ = {isa = PBXFileReference; fileEncoding = 4; lastKnownFileType = sourcecode.swift; path = AnnotationNotebook.swift; sourceTree = "<group>"; };
		D48FD6A41C9B0CC70089EA68 /* AnnotationStore+AnnotationNotebook.swift */ = {isa = PBXFileReference; fileEncoding = 4; lastKnownFileType = sourcecode.swift; path = "AnnotationStore+AnnotationNotebook.swift"; sourceTree = "<group>"; };
		D49E24091D0072D100052511 /* AccountController.swift */ = {isa = PBXFileReference; fileEncoding = 4; lastKnownFileType = sourcecode.swift; path = AccountController.swift; sourceTree = "<group>"; };
		D4A90CDF1C986F5D0010F8F2 /* SyncAnnotationsOperation.swift */ = {isa = PBXFileReference; fileEncoding = 4; lastKnownFileType = sourcecode.swift; lineEnding = 0; path = SyncAnnotationsOperation.swift; sourceTree = "<group>"; xcLanguageSpecificationIdentifier = xcode.lang.swift; };
		D4A90CE11C986FB40010F8F2 /* SyncAnnotationsResult.swift */ = {isa = PBXFileReference; fileEncoding = 4; lastKnownFileType = sourcecode.swift; path = SyncAnnotationsResult.swift; sourceTree = "<group>"; };
		D4A90CE31C9876230010F8F2 /* AnnotationStore+Notebook.swift */ = {isa = PBXFileReference; fileEncoding = 4; lastKnownFileType = sourcecode.swift; path = "AnnotationStore+Notebook.swift"; sourceTree = "<group>"; };
		D4A90CE51C9877B10010F8F2 /* AnnotationStore+Annotation.swift */ = {isa = PBXFileReference; fileEncoding = 4; lastKnownFileType = sourcecode.swift; path = "AnnotationStore+Annotation.swift"; sourceTree = "<group>"; };
		D4A90CE71C988FBD0010F8F2 /* AnnotationStore+Note.swift */ = {isa = PBXFileReference; fileEncoding = 4; lastKnownFileType = sourcecode.swift; path = "AnnotationStore+Note.swift"; sourceTree = "<group>"; };
		D4AB10FA1D5134D8001C3C0E /* SyncAnnotationsTests.swift */ = {isa = PBXFileReference; fileEncoding = 4; lastKnownFileType = sourcecode.swift; path = SyncAnnotationsTests.swift; sourceTree = "<group>"; };
		D4ACFD351C99DD57008CEF22 /* AnnotationStore+Bookmark.swift */ = {isa = PBXFileReference; fileEncoding = 4; lastKnownFileType = sourcecode.swift; path = "AnnotationStore+Bookmark.swift"; sourceTree = "<group>"; };
		D4ACFD371C99E1DC008CEF22 /* AnnotationStore+Highlight.swift */ = {isa = PBXFileReference; fileEncoding = 4; lastKnownFileType = sourcecode.swift; path = "AnnotationStore+Highlight.swift"; sourceTree = "<group>"; };
		D4ACFD391C99EB37008CEF22 /* AnnotationStore+Tag.swift */ = {isa = PBXFileReference; fileEncoding = 4; lastKnownFileType = sourcecode.swift; path = "AnnotationStore+Tag.swift"; sourceTree = "<group>"; };
		D4ACFD3B1C99ECF1008CEF22 /* AnnotationTag.swift */ = {isa = PBXFileReference; fileEncoding = 4; lastKnownFileType = sourcecode.swift; path = AnnotationTag.swift; sourceTree = "<group>"; };
		D4ACFD3D1C99EDF0008CEF22 /* AnnotationStore+AnnotationTag.swift */ = {isa = PBXFileReference; fileEncoding = 4; lastKnownFileType = sourcecode.swift; path = "AnnotationStore+AnnotationTag.swift"; sourceTree = "<group>"; };
		D4ACFD3F1C99F6A5008CEF22 /* AnnotationStore+Link.swift */ = {isa = PBXFileReference; fileEncoding = 4; lastKnownFileType = sourcecode.swift; path = "AnnotationStore+Link.swift"; sourceTree = "<group>"; };
		D90A3CDC1C95C6FE0060094B /* LDSAnnotationsTests.xctest */ = {isa = PBXFileReference; explicitFileType = wrapper.cfbundle; includeInIndex = 0; path = LDSAnnotationsTests.xctest; sourceTree = BUILT_PRODUCTS_DIR; };
		D90A3CE01C95C6FE0060094B /* Info.plist */ = {isa = PBXFileReference; lastKnownFileType = text.plist.xml; path = Info.plist; sourceTree = "<group>"; };
		D90A3CE71C95C7280060094B /* AuthenticationTests.swift */ = {isa = PBXFileReference; fileEncoding = 4; lastKnownFileType = sourcecode.swift; path = AuthenticationTests.swift; sourceTree = "<group>"; };
		D90A3CE81C95C7280060094B /* SyncNotebooksTests.swift */ = {isa = PBXFileReference; fileEncoding = 4; lastKnownFileType = sourcecode.swift; path = SyncNotebooksTests.swift; sourceTree = "<group>"; };
		D943055E1C5C184B00FA14B6 /* LDSAnnotations.framework */ = {isa = PBXFileReference; explicitFileType = wrapper.framework; includeInIndex = 0; path = LDSAnnotations.framework; sourceTree = BUILT_PRODUCTS_DIR; };
		D94305611C5C184B00FA14B6 /* LDSAnnotations.h */ = {isa = PBXFileReference; lastKnownFileType = sourcecode.c.h; path = LDSAnnotations.h; sourceTree = "<group>"; };
		D94305631C5C184B00FA14B6 /* Info.plist */ = {isa = PBXFileReference; lastKnownFileType = text.plist.xml; path = Info.plist; sourceTree = "<group>"; };
		D94305781C5C237B00FA14B6 /* Session.swift */ = {isa = PBXFileReference; fileEncoding = 4; lastKnownFileType = sourcecode.swift; lineEnding = 0; path = Session.swift; sourceTree = "<group>"; xcLanguageSpecificationIdentifier = xcode.lang.swift; };
		D95392CD1D025FA100CB4921 /* XCTAsserts.swift */ = {isa = PBXFileReference; fileEncoding = 4; lastKnownFileType = sourcecode.swift; path = XCTAsserts.swift; sourceTree = "<group>"; };
		D95392CF1D02611200CB4921 /* LinkTests.swift */ = {isa = PBXFileReference; fileEncoding = 4; lastKnownFileType = sourcecode.swift; lineEnding = 0; path = LinkTests.swift; sourceTree = "<group>"; xcLanguageSpecificationIdentifier = xcode.lang.swift; };
		D95F19B21CD664B2008618AA /* BookmarkTests.swift */ = {isa = PBXFileReference; fileEncoding = 4; lastKnownFileType = sourcecode.swift; lineEnding = 0; path = BookmarkTests.swift; sourceTree = "<group>"; xcLanguageSpecificationIdentifier = xcode.lang.swift; };
		D95F19B41CD66F09008618AA /* AnnotationStoreTests.swift */ = {isa = PBXFileReference; fileEncoding = 4; lastKnownFileType = sourcecode.swift; path = AnnotationStoreTests.swift; sourceTree = "<group>"; };
		D95F19B61CD6CE67008618AA /* SyncResult.swift */ = {isa = PBXFileReference; fileEncoding = 4; lastKnownFileType = sourcecode.swift; path = SyncResult.swift; sourceTree = "<group>"; };
		D95F19CC1CD79BB6008618AA /* TrustPolicy.swift */ = {isa = PBXFileReference; fileEncoding = 4; lastKnownFileType = sourcecode.swift; path = TrustPolicy.swift; sourceTree = "<group>"; };
		D95F19CE1CD8DC42008618AA /* SyncChanges.swift */ = {isa = PBXFileReference; fileEncoding = 4; lastKnownFileType = sourcecode.swift; path = SyncChanges.swift; sourceTree = "<group>"; };
		D95F19D01CD8DCED008618AA /* SyncNotebooksChanges.swift */ = {isa = PBXFileReference; fileEncoding = 4; lastKnownFileType = sourcecode.swift; path = SyncNotebooksChanges.swift; sourceTree = "<group>"; };
		D95F19D21CD8DD9C008618AA /* SyncAnnotationsChanges.swift */ = {isa = PBXFileReference; fileEncoding = 4; lastKnownFileType = sourcecode.swift; path = SyncAnnotationsChanges.swift; sourceTree = "<group>"; };
		D95F19D41CD8E4C3008618AA /* HighlightTests.swift */ = {isa = PBXFileReference; fileEncoding = 4; lastKnownFileType = sourcecode.swift; lineEnding = 0; path = HighlightTests.swift; sourceTree = "<group>"; xcLanguageSpecificationIdentifier = xcode.lang.swift; };
		D992347D1C627E6F00177FD2 /* Notebook.swift */ = {isa = PBXFileReference; fileEncoding = 4; lastKnownFileType = sourcecode.swift; lineEnding = 0; path = Notebook.swift; sourceTree = "<group>"; xcLanguageSpecificationIdentifier = xcode.lang.swift; };
		D99234821C628B7C00177FD2 /* ChangeType.swift */ = {isa = PBXFileReference; fileEncoding = 4; lastKnownFileType = sourcecode.swift; path = ChangeType.swift; sourceTree = "<group>"; };
		D99234841C65505C00177FD2 /* SyncNotebooksResult.swift */ = {isa = PBXFileReference; fileEncoding = 4; lastKnownFileType = sourcecode.swift; path = SyncNotebooksResult.swift; sourceTree = "<group>"; };
		D99234861C6567A200177FD2 /* SyncToken.swift */ = {isa = PBXFileReference; fileEncoding = 4; lastKnownFileType = sourcecode.swift; path = SyncToken.swift; sourceTree = "<group>"; };
		D992349D1C66CC7100177FD2 /* NotificationSource.swift */ = {isa = PBXFileReference; fileEncoding = 4; lastKnownFileType = sourcecode.swift; path = NotificationSource.swift; sourceTree = "<group>"; };
		D9C470891C60144800EDCD69 /* SyncNotebooksOperation.swift */ = {isa = PBXFileReference; fileEncoding = 4; lastKnownFileType = sourcecode.swift; lineEnding = 0; path = SyncNotebooksOperation.swift; sourceTree = "<group>"; xcLanguageSpecificationIdentifier = xcode.lang.swift; };
		D9C470911C60221400EDCD69 /* PSOperations.framework */ = {isa = PBXFileReference; lastKnownFileType = wrapper.framework; name = PSOperations.framework; path = "Pods/../build/Debug-iphoneos/PSOperations.framework"; sourceTree = "<group>"; };
		D9C470941C60273400EDCD69 /* AuthenticateOperation.swift */ = {isa = PBXFileReference; fileEncoding = 4; lastKnownFileType = sourcecode.swift; path = AuthenticateOperation.swift; sourceTree = "<group>"; };
		D9C470961C602B4A00EDCD69 /* AuthenticateCondition.swift */ = {isa = PBXFileReference; fileEncoding = 4; lastKnownFileType = sourcecode.swift; path = AuthenticateCondition.swift; sourceTree = "<group>"; };
		D9C470981C60317E00EDCD69 /* Error.swift */ = {isa = PBXFileReference; fileEncoding = 4; lastKnownFileType = sourcecode.swift; path = Error.swift; sourceTree = "<group>"; };
		D9C4709A1C60319400EDCD69 /* String+Query.swift */ = {isa = PBXFileReference; fileEncoding = 4; lastKnownFileType = sourcecode.swift; path = "String+Query.swift"; sourceTree = "<group>"; };
		D9C470D51C614FAE00EDCD69 /* NSDate+ISO8601.swift */ = {isa = PBXFileReference; fileEncoding = 4; lastKnownFileType = sourcecode.swift; path = "NSDate+ISO8601.swift"; sourceTree = "<group>"; };
		D9C470D71C615C1300EDCD69 /* NSMutableURLRequest+Sync.swift */ = {isa = PBXFileReference; fileEncoding = 4; lastKnownFileType = sourcecode.swift; path = "NSMutableURLRequest+Sync.swift"; sourceTree = "<group>"; };
		D9C470DB1C61655100EDCD69 /* Response.swift */ = {isa = PBXFileReference; fileEncoding = 4; lastKnownFileType = sourcecode.swift; lineEnding = 0; path = Response.swift; sourceTree = "<group>"; xcLanguageSpecificationIdentifier = xcode.lang.swift; };
		D9C470DF1C61773D00EDCD69 /* AnnotationStore.swift */ = {isa = PBXFileReference; fileEncoding = 4; lastKnownFileType = sourcecode.swift; path = AnnotationStore.swift; sourceTree = "<group>"; };
		D9C470E11C617A0400EDCD69 /* AnnotationStatus.swift */ = {isa = PBXFileReference; fileEncoding = 4; lastKnownFileType = sourcecode.swift; path = AnnotationStatus.swift; sourceTree = "<group>"; };
		D9E25A5F1D2EA97E0065A2C2 /* AnnotationStoreNotificationTests.swift */ = {isa = PBXFileReference; fileEncoding = 4; lastKnownFileType = sourcecode.swift; path = AnnotationStoreNotificationTests.swift; sourceTree = "<group>"; };
/* End PBXFileReference section */

/* Begin PBXFrameworksBuildPhase section */
		D90A3CD91C95C6FE0060094B /* Frameworks */ = {
			isa = PBXFrameworksBuildPhase;
			buildActionMask = 2147483647;
			files = (
				D90A3CE11C95C6FE0060094B /* LDSAnnotations.framework in Frameworks */,
				C0F4661ACDB75A9524871D89 /* Pods_LDSAnnotations_LDSAnnotationsTests.framework in Frameworks */,
			);
			runOnlyForDeploymentPostprocessing = 0;
		};
		D943055A1C5C184B00FA14B6 /* Frameworks */ = {
			isa = PBXFrameworksBuildPhase;
			buildActionMask = 2147483647;
			files = (
				62D7BDEA8988C62655386B21 /* Pods_LDSAnnotations.framework in Frameworks */,
			);
			runOnlyForDeploymentPostprocessing = 0;
		};
/* End PBXFrameworksBuildPhase section */

/* Begin PBXGroup section */
		C79A0711A336D264AD6C8998 /* Pods */ = {
			isa = PBXGroup;
			children = (
				BFBB32924C908E5E60760FC4 /* Pods-LDSAnnotations.debug.xcconfig */,
				665C48DC0014C1BF3A79EFD5 /* Pods-LDSAnnotations.release.xcconfig */,
				0F977273277E6CF53E0EE5CC /* Pods-LDSAnnotations-LDSAnnotationsTests.debug.xcconfig */,
				37AD5AD0F16CBD6679922E6D /* Pods-LDSAnnotations-LDSAnnotationsTests.release.xcconfig */,
			);
			name = Pods;
			sourceTree = "<group>";
		};
		D40F0A201C97531D002D61EA /* Annotations */ = {
			isa = PBXGroup;
			children = (
				D4A90CDF1C986F5D0010F8F2 /* SyncAnnotationsOperation.swift */,
				D4A90CE11C986FB40010F8F2 /* SyncAnnotationsResult.swift */,
				D95F19D21CD8DD9C008618AA /* SyncAnnotationsChanges.swift */,
			);
			name = Annotations;
			sourceTree = "<group>";
		};
		D49E240B1D0072E000052511 /* Account */ = {
			isa = PBXGroup;
			children = (
				D49E24091D0072D100052511 /* AccountController.swift */,
			);
			name = Account;
			sourceTree = "<group>";
		};
		D90A3CDD1C95C6FE0060094B /* LDSAnnotationsTests */ = {
			isa = PBXGroup;
			children = (
				D9E25A5F1D2EA97E0065A2C2 /* AnnotationStoreNotificationTests.swift */,
				11228F851DC92ED900DF14B5 /* AnnotationStoreMergeTests.swift */,
				D95F19B41CD66F09008618AA /* AnnotationStoreTests.swift */,
				D90A3CE71C95C7280060094B /* AuthenticationTests.swift */,
				D95F19B21CD664B2008618AA /* BookmarkTests.swift */,
				D95F19D41CD8E4C3008618AA /* HighlightTests.swift */,
				D90A3CE01C95C6FE0060094B /* Info.plist */,
				D95392CF1D02611200CB4921 /* LinkTests.swift */,
				D48107551D50F99C00D70685 /* SessionNotificationsTests.swift */,
				D4AB10FA1D5134D8001C3C0E /* SyncAnnotationsTests.swift */,
				D90A3CE81C95C7280060094B /* SyncNotebooksTests.swift */,
				D95392CD1D025FA100CB4921 /* XCTAsserts.swift */,
				D48107571D51034A00D70685 /* XCTestCase+LDSAnnotations.swift */,
			);
			path = LDSAnnotationsTests;
			sourceTree = "<group>";
		};
		D94305541C5C184B00FA14B6 = {
			isa = PBXGroup;
			children = (
				D94305601C5C184B00FA14B6 /* LDSAnnotations */,
				D90A3CDD1C95C6FE0060094B /* LDSAnnotationsTests */,
				D943055F1C5C184B00FA14B6 /* Products */,
				F0BC1F7DCEC9FBE69E62A9B8 /* Frameworks */,
				C79A0711A336D264AD6C8998 /* Pods */,
			);
			sourceTree = "<group>";
		};
		D943055F1C5C184B00FA14B6 /* Products */ = {
			isa = PBXGroup;
			children = (
				D943055E1C5C184B00FA14B6 /* LDSAnnotations.framework */,
				D90A3CDC1C95C6FE0060094B /* LDSAnnotationsTests.xctest */,
			);
			name = Products;
			sourceTree = "<group>";
		};
		D94305601C5C184B00FA14B6 /* LDSAnnotations */ = {
			isa = PBXGroup;
			children = (
				D49E240B1D0072E000052511 /* Account */,
				D9C470DD1C61761E00EDCD69 /* Web Service */,
				D9C470DE1C6176FF00EDCD69 /* Local Data */,
				D94305611C5C184B00FA14B6 /* LDSAnnotations.h */,
				D94305631C5C184B00FA14B6 /* Info.plist */,
			);
			path = LDSAnnotations;
			sourceTree = "<group>";
		};
		D95F19B81CD6D91D008618AA /* Auth */ = {
			isa = PBXGroup;
			children = (
				D9C470961C602B4A00EDCD69 /* AuthenticateCondition.swift */,
				D9C470941C60273400EDCD69 /* AuthenticateOperation.swift */,
			);
			name = Auth;
			sourceTree = "<group>";
		};
		D99234811C628B7200177FD2 /* Notebooks */ = {
			isa = PBXGroup;
			children = (
				D9C470891C60144800EDCD69 /* SyncNotebooksOperation.swift */,
				D99234841C65505C00177FD2 /* SyncNotebooksResult.swift */,
				D95F19D01CD8DCED008618AA /* SyncNotebooksChanges.swift */,
				D99234821C628B7C00177FD2 /* ChangeType.swift */,
			);
			name = Notebooks;
			sourceTree = "<group>";
		};
		D9C470DD1C61761E00EDCD69 /* Web Service */ = {
			isa = PBXGroup;
			children = (
				D94305781C5C237B00FA14B6 /* Session.swift */,
				D95F19CC1CD79BB6008618AA /* TrustPolicy.swift */,
				D95F19B61CD6CE67008618AA /* SyncResult.swift */,
				D99234861C6567A200177FD2 /* SyncToken.swift */,
				D95F19CE1CD8DC42008618AA /* SyncChanges.swift */,
				D9C470DB1C61655100EDCD69 /* Response.swift */,
				D9C470981C60317E00EDCD69 /* Error.swift */,
				D9C470D71C615C1300EDCD69 /* NSMutableURLRequest+Sync.swift */,
				D9C4709A1C60319400EDCD69 /* String+Query.swift */,
				D9C470D51C614FAE00EDCD69 /* NSDate+ISO8601.swift */,
				D95F19B81CD6D91D008618AA /* Auth */,
				D99234811C628B7200177FD2 /* Notebooks */,
				D40F0A201C97531D002D61EA /* Annotations */,
				117898B01D8342EA00FC2777 /* SyncOperation.swift */,
			);
			name = "Web Service";
			sourceTree = "<group>";
		};
		D9C470DE1C6176FF00EDCD69 /* Local Data */ = {
			isa = PBXGroup;
			children = (
				D40F0A211C975368002D61EA /* Annotation.swift */,
				D48FD6A21C9B0C640089EA68 /* AnnotationNotebook.swift */,
				D9C470E11C617A0400EDCD69 /* AnnotationStatus.swift */,
				D9C470DF1C61773D00EDCD69 /* AnnotationStore.swift */,
				D4A90CE51C9877B10010F8F2 /* AnnotationStore+Annotation.swift */,
				D48FD6A41C9B0CC70089EA68 /* AnnotationStore+AnnotationNotebook.swift */,
				D4ACFD3D1C99EDF0008CEF22 /* AnnotationStore+AnnotationTag.swift */,
				D4ACFD351C99DD57008CEF22 /* AnnotationStore+Bookmark.swift */,
				D4ACFD371C99E1DC008CEF22 /* AnnotationStore+Highlight.swift */,
				D4ACFD3F1C99F6A5008CEF22 /* AnnotationStore+Link.swift */,
				110640D21DC906A200BD620C /* AnnotationStore+Merge.swift */,
				D4A90CE71C988FBD0010F8F2 /* AnnotationStore+Note.swift */,
				D4A90CE31C9876230010F8F2 /* AnnotationStore+Notebook.swift */,
				D4ACFD391C99EB37008CEF22 /* AnnotationStore+Tag.swift */,
				D4ACFD3B1C99ECF1008CEF22 /* AnnotationTag.swift */,
				D44424371E2555FC0082B2EE /* AnnotationType.swift */,
				D40F0A2F1C977129002D61EA /* Bookmark.swift */,
				D40F0A251C976507002D61EA /* Highlight.swift */,
				D40F0A271C976634002D61EA /* HighlightStyle.swift */,
				D40F0A2D1C976B7E002D61EA /* Link.swift */,
				D40F0A291C97693C002D61EA /* Note.swift */,
				D992347D1C627E6F00177FD2 /* Notebook.swift */,
				D992349D1C66CC7100177FD2 /* NotificationSource.swift */,
				D40ADDCF1D0F0BEE004FA7F5 /* OrderBy.swift */,
				D466C6501D3B28F300F18A12 /* ParagraphRange.swift */,
				D40F0A2B1C976A58002D61EA /* Tag.swift */,
			);
			name = "Local Data";
			sourceTree = "<group>";
		};
		F0BC1F7DCEC9FBE69E62A9B8 /* Frameworks */ = {
			isa = PBXGroup;
			children = (
				D9C470911C60221400EDCD69 /* PSOperations.framework */,
				65F994EE353FC548E0829F5A /* Pods_LDSAnnotations.framework */,
				1EA770A28615F5691ADAD66C /* Pods_LDSAnnotations_LDSAnnotationsTests.framework */,
			);
			name = Frameworks;
			sourceTree = "<group>";
		};
/* End PBXGroup section */

/* Begin PBXHeadersBuildPhase section */
		D943055B1C5C184B00FA14B6 /* Headers */ = {
			isa = PBXHeadersBuildPhase;
			buildActionMask = 2147483647;
			files = (
				D94305621C5C184B00FA14B6 /* LDSAnnotations.h in Headers */,
			);
			runOnlyForDeploymentPostprocessing = 0;
		};
/* End PBXHeadersBuildPhase section */

/* Begin PBXNativeTarget section */
		D90A3CDB1C95C6FE0060094B /* LDSAnnotationsTests */ = {
			isa = PBXNativeTarget;
			buildConfigurationList = D90A3CE41C95C6FE0060094B /* Build configuration list for PBXNativeTarget "LDSAnnotationsTests" */;
			buildPhases = (
				72E0CF02C8CE72A1FB906525 /* [CP] Check Pods Manifest.lock */,
				D90A3CD81C95C6FE0060094B /* Sources */,
				D90A3CD91C95C6FE0060094B /* Frameworks */,
				D90A3CDA1C95C6FE0060094B /* Resources */,
				B4EB3924D65345FE54A63881 /* [CP] Embed Pods Frameworks */,
				C8DBEA64DD2483EFF9F08107 /* [CP] Copy Pods Resources */,
			);
			buildRules = (
			);
			dependencies = (
				D90A3CE31C95C6FE0060094B /* PBXTargetDependency */,
			);
			name = LDSAnnotationsTests;
			productName = LDSAnnotationsTests;
			productReference = D90A3CDC1C95C6FE0060094B /* LDSAnnotationsTests.xctest */;
			productType = "com.apple.product-type.bundle.unit-test";
		};
		D943055D1C5C184B00FA14B6 /* LDSAnnotations */ = {
			isa = PBXNativeTarget;
			buildConfigurationList = D94305721C5C184B00FA14B6 /* Build configuration list for PBXNativeTarget "LDSAnnotations" */;
			buildPhases = (
				0AB028B59FEE803D652071E9 /* [CP] Check Pods Manifest.lock */,
				D94305591C5C184B00FA14B6 /* Sources */,
				D943055A1C5C184B00FA14B6 /* Frameworks */,
				D943055B1C5C184B00FA14B6 /* Headers */,
				D943055C1C5C184B00FA14B6 /* Resources */,
				8A6C11D6965DA364CA215B46 /* [CP] Copy Pods Resources */,
			);
			buildRules = (
			);
			dependencies = (
			);
			name = LDSAnnotations;
			productName = LDSAnnotations;
			productReference = D943055E1C5C184B00FA14B6 /* LDSAnnotations.framework */;
			productType = "com.apple.product-type.framework";
		};
/* End PBXNativeTarget section */

/* Begin PBXProject section */
		D94305551C5C184B00FA14B6 /* Project object */ = {
			isa = PBXProject;
			attributes = {
				LastSwiftUpdateCheck = 0720;
				LastUpgradeCheck = 0810;
				ORGANIZATIONNAME = "Hilton Campbell";
				TargetAttributes = {
					D90A3CDB1C95C6FE0060094B = {
						CreatedOnToolsVersion = 7.2.1;
						LastSwiftMigration = 0810;
					};
					D943055D1C5C184B00FA14B6 = {
						CreatedOnToolsVersion = 7.2;
						LastSwiftMigration = 0810;
					};
				};
			};
			buildConfigurationList = D94305581C5C184B00FA14B6 /* Build configuration list for PBXProject "LDSAnnotations" */;
			compatibilityVersion = "Xcode 3.2";
			developmentRegion = English;
			hasScannedForEncodings = 0;
			knownRegions = (
				en,
			);
			mainGroup = D94305541C5C184B00FA14B6;
			productRefGroup = D943055F1C5C184B00FA14B6 /* Products */;
			projectDirPath = "";
			projectRoot = "";
			targets = (
				D943055D1C5C184B00FA14B6 /* LDSAnnotations */,
				D90A3CDB1C95C6FE0060094B /* LDSAnnotationsTests */,
			);
		};
/* End PBXProject section */

/* Begin PBXResourcesBuildPhase section */
		D90A3CDA1C95C6FE0060094B /* Resources */ = {
			isa = PBXResourcesBuildPhase;
			buildActionMask = 2147483647;
			files = (
			);
			runOnlyForDeploymentPostprocessing = 0;
		};
		D943055C1C5C184B00FA14B6 /* Resources */ = {
			isa = PBXResourcesBuildPhase;
			buildActionMask = 2147483647;
			files = (
			);
			runOnlyForDeploymentPostprocessing = 0;
		};
/* End PBXResourcesBuildPhase section */

/* Begin PBXShellScriptBuildPhase section */
		0AB028B59FEE803D652071E9 /* [CP] Check Pods Manifest.lock */ = {
			isa = PBXShellScriptBuildPhase;
			buildActionMask = 2147483647;
			files = (
			);
			inputPaths = (
			);
			name = "[CP] Check Pods Manifest.lock";
			outputPaths = (
			);
			runOnlyForDeploymentPostprocessing = 0;
			shellPath = /bin/sh;
			shellScript = "diff \"${PODS_ROOT}/../Podfile.lock\" \"${PODS_ROOT}/Manifest.lock\" > /dev/null\nif [ $? != 0 ] ; then\n    # print error to STDERR\n    echo \"error: The sandbox is not in sync with the Podfile.lock. Run 'pod install' or update your CocoaPods installation.\" >&2\n    exit 1\nfi\n";
			showEnvVarsInLog = 0;
		};
		72E0CF02C8CE72A1FB906525 /* [CP] Check Pods Manifest.lock */ = {
			isa = PBXShellScriptBuildPhase;
			buildActionMask = 2147483647;
			files = (
			);
			inputPaths = (
			);
			name = "[CP] Check Pods Manifest.lock";
			outputPaths = (
			);
			runOnlyForDeploymentPostprocessing = 0;
			shellPath = /bin/sh;
			shellScript = "diff \"${PODS_ROOT}/../Podfile.lock\" \"${PODS_ROOT}/Manifest.lock\" > /dev/null\nif [ $? != 0 ] ; then\n    # print error to STDERR\n    echo \"error: The sandbox is not in sync with the Podfile.lock. Run 'pod install' or update your CocoaPods installation.\" >&2\n    exit 1\nfi\n";
			showEnvVarsInLog = 0;
		};
		8A6C11D6965DA364CA215B46 /* [CP] Copy Pods Resources */ = {
			isa = PBXShellScriptBuildPhase;
			buildActionMask = 2147483647;
			files = (
			);
			inputPaths = (
			);
			name = "[CP] Copy Pods Resources";
			outputPaths = (
			);
			runOnlyForDeploymentPostprocessing = 0;
			shellPath = /bin/sh;
			shellScript = "\"${SRCROOT}/Pods/Target Support Files/Pods-LDSAnnotations/Pods-LDSAnnotations-resources.sh\"\n";
			showEnvVarsInLog = 0;
		};
		B4EB3924D65345FE54A63881 /* [CP] Embed Pods Frameworks */ = {
			isa = PBXShellScriptBuildPhase;
			buildActionMask = 2147483647;
			files = (
			);
			inputPaths = (
			);
			name = "[CP] Embed Pods Frameworks";
			outputPaths = (
			);
			runOnlyForDeploymentPostprocessing = 0;
			shellPath = /bin/sh;
			shellScript = "\"${SRCROOT}/Pods/Target Support Files/Pods-LDSAnnotations-LDSAnnotationsTests/Pods-LDSAnnotations-LDSAnnotationsTests-frameworks.sh\"\n";
			showEnvVarsInLog = 0;
		};
		C8DBEA64DD2483EFF9F08107 /* [CP] Copy Pods Resources */ = {
			isa = PBXShellScriptBuildPhase;
			buildActionMask = 2147483647;
			files = (
			);
			inputPaths = (
			);
			name = "[CP] Copy Pods Resources";
			outputPaths = (
			);
			runOnlyForDeploymentPostprocessing = 0;
			shellPath = /bin/sh;
			shellScript = "\"${SRCROOT}/Pods/Target Support Files/Pods-LDSAnnotations-LDSAnnotationsTests/Pods-LDSAnnotations-LDSAnnotationsTests-resources.sh\"\n";
			showEnvVarsInLog = 0;
		};
/* End PBXShellScriptBuildPhase section */

/* Begin PBXSourcesBuildPhase section */
		D90A3CD81C95C6FE0060094B /* Sources */ = {
			isa = PBXSourcesBuildPhase;
			buildActionMask = 2147483647;
			files = (
				D95392D01D02611200CB4921 /* LinkTests.swift in Sources */,
				D4AB10FB1D5134D8001C3C0E /* SyncAnnotationsTests.swift in Sources */,
				11228F861DC92ED900DF14B5 /* AnnotationStoreMergeTests.swift in Sources */,
				D95F19B51CD66F09008618AA /* AnnotationStoreTests.swift in Sources */,
				D90A3CE91C95C7280060094B /* AuthenticationTests.swift in Sources */,
				D9E25A601D2EA97E0065A2C2 /* AnnotationStoreNotificationTests.swift in Sources */,
				D95F19B31CD664B2008618AA /* BookmarkTests.swift in Sources */,
				D95392CE1D025FA100CB4921 /* XCTAsserts.swift in Sources */,
				D90A3CEA1C95C7280060094B /* SyncNotebooksTests.swift in Sources */,
				D95F19D51CD8E4C3008618AA /* HighlightTests.swift in Sources */,
				D48107561D50F99C00D70685 /* SessionNotificationsTests.swift in Sources */,
				D48107581D51034A00D70685 /* XCTestCase+LDSAnnotations.swift in Sources */,
			);
			runOnlyForDeploymentPostprocessing = 0;
		};
		D94305591C5C184B00FA14B6 /* Sources */ = {
			isa = PBXSourcesBuildPhase;
			buildActionMask = 2147483647;
			files = (
				110640D31DC906A200BD620C /* AnnotationStore+Merge.swift in Sources */,
				D9C470971C602B4A00EDCD69 /* AuthenticateCondition.swift in Sources */,
				D4ACFD3E1C99EDF0008CEF22 /* AnnotationStore+AnnotationTag.swift in Sources */,
				D40F0A221C975368002D61EA /* Annotation.swift in Sources */,
				D40F0A2A1C97693C002D61EA /* Note.swift in Sources */,
				117898B11D8342EA00FC2777 /* SyncOperation.swift in Sources */,
				D9C470D61C614FAE00EDCD69 /* NSDate+ISO8601.swift in Sources */,
				D49E240A1D0072D100052511 /* AccountController.swift in Sources */,
				D95F19D11CD8DCED008618AA /* SyncNotebooksChanges.swift in Sources */,
				D99234851C65505C00177FD2 /* SyncNotebooksResult.swift in Sources */,
				D4ACFD381C99E1DC008CEF22 /* AnnotationStore+Highlight.swift in Sources */,
				D95F19B71CD6CE67008618AA /* SyncResult.swift in Sources */,
				D99234871C6567A200177FD2 /* SyncToken.swift in Sources */,
				D466C6511D3B28F300F18A12 /* ParagraphRange.swift in Sources */,
				D40F0A2C1C976A58002D61EA /* Tag.swift in Sources */,
				D95F19CF1CD8DC42008618AA /* SyncChanges.swift in Sources */,
				D9C470951C60273400EDCD69 /* AuthenticateOperation.swift in Sources */,
				D4ACFD401C99F6A5008CEF22 /* AnnotationStore+Link.swift in Sources */,
				D9C4708A1C60144800EDCD69 /* SyncNotebooksOperation.swift in Sources */,
				D9C470DC1C61655100EDCD69 /* Response.swift in Sources */,
				D95F19CD1CD79BB6008618AA /* TrustPolicy.swift in Sources */,
				D9C470D81C615C1300EDCD69 /* NSMutableURLRequest+Sync.swift in Sources */,
				D40F0A261C976507002D61EA /* Highlight.swift in Sources */,
				D99234831C628B7C00177FD2 /* ChangeType.swift in Sources */,
				D48FD6A51C9B0CC70089EA68 /* AnnotationStore+AnnotationNotebook.swift in Sources */,
				D4A90CE61C9877B10010F8F2 /* AnnotationStore+Annotation.swift in Sources */,
				D40F0A281C976634002D61EA /* HighlightStyle.swift in Sources */,
				D4A90CE81C988FBD0010F8F2 /* AnnotationStore+Note.swift in Sources */,
				D4ACFD361C99DD57008CEF22 /* AnnotationStore+Bookmark.swift in Sources */,
				D4A90CE21C986FB40010F8F2 /* SyncAnnotationsResult.swift in Sources */,
				D9C470E21C617A0400EDCD69 /* AnnotationStatus.swift in Sources */,
				D9C4709B1C60319400EDCD69 /* String+Query.swift in Sources */,
				D992349E1C66CC7100177FD2 /* NotificationSource.swift in Sources */,
				D4ACFD3C1C99ECF1008CEF22 /* AnnotationTag.swift in Sources */,
				D48FD6A31C9B0C640089EA68 /* AnnotationNotebook.swift in Sources */,
				D4A90CE41C9876230010F8F2 /* AnnotationStore+Notebook.swift in Sources */,
				D9C470991C60317E00EDCD69 /* Error.swift in Sources */,
				D94305791C5C237B00FA14B6 /* Session.swift in Sources */,
				D44424381E2555FC0082B2EE /* AnnotationType.swift in Sources */,
				D40F0A2E1C976B7E002D61EA /* Link.swift in Sources */,
				D4A90CE01C986F5D0010F8F2 /* SyncAnnotationsOperation.swift in Sources */,
				D95F19D31CD8DD9C008618AA /* SyncAnnotationsChanges.swift in Sources */,
				D4ACFD3A1C99EB37008CEF22 /* AnnotationStore+Tag.swift in Sources */,
				D992347E1C627E6F00177FD2 /* Notebook.swift in Sources */,
				D9C470E01C61773D00EDCD69 /* AnnotationStore.swift in Sources */,
				D40F0A301C977129002D61EA /* Bookmark.swift in Sources */,
				D40ADDD01D0F0BEE004FA7F5 /* OrderBy.swift in Sources */,
			);
			runOnlyForDeploymentPostprocessing = 0;
		};
/* End PBXSourcesBuildPhase section */

/* Begin PBXTargetDependency section */
		D90A3CE31C95C6FE0060094B /* PBXTargetDependency */ = {
			isa = PBXTargetDependency;
			target = D943055D1C5C184B00FA14B6 /* LDSAnnotations */;
			targetProxy = D90A3CE21C95C6FE0060094B /* PBXContainerItemProxy */;
		};
/* End PBXTargetDependency section */

/* Begin XCBuildConfiguration section */
		D90A3CE51C95C6FE0060094B /* Debug */ = {
			isa = XCBuildConfiguration;
			baseConfigurationReference = 0F977273277E6CF53E0EE5CC /* Pods-LDSAnnotations-LDSAnnotationsTests.debug.xcconfig */;
			buildSettings = {
				CLANG_ENABLE_MODULES = YES;
				INFOPLIST_FILE = LDSAnnotationsTests/Info.plist;
				LD_RUNPATH_SEARCH_PATHS = "$(inherited) @executable_path/Frameworks @loader_path/Frameworks";
				PRODUCT_BUNDLE_IDENTIFIER = com.crosswaterbridge.LDSAnnotationsTests;
				PRODUCT_NAME = "$(TARGET_NAME)";
				SWIFT_OPTIMIZATION_LEVEL = "-Onone";
			};
			name = Debug;
		};
		D90A3CE61C95C6FE0060094B /* Release */ = {
			isa = XCBuildConfiguration;
			baseConfigurationReference = 37AD5AD0F16CBD6679922E6D /* Pods-LDSAnnotations-LDSAnnotationsTests.release.xcconfig */;
			buildSettings = {
				CLANG_ENABLE_MODULES = YES;
				INFOPLIST_FILE = LDSAnnotationsTests/Info.plist;
				LD_RUNPATH_SEARCH_PATHS = "$(inherited) @executable_path/Frameworks @loader_path/Frameworks";
				PRODUCT_BUNDLE_IDENTIFIER = com.crosswaterbridge.LDSAnnotationsTests;
				PRODUCT_NAME = "$(TARGET_NAME)";
			};
			name = Release;
		};
		D94305701C5C184B00FA14B6 /* Debug */ = {
			isa = XCBuildConfiguration;
			buildSettings = {
				ALWAYS_SEARCH_USER_PATHS = NO;
				CLANG_CXX_LANGUAGE_STANDARD = "gnu++0x";
				CLANG_CXX_LIBRARY = "libc++";
				CLANG_ENABLE_MODULES = YES;
				CLANG_ENABLE_OBJC_ARC = YES;
				CLANG_WARN_BOOL_CONVERSION = YES;
				CLANG_WARN_CONSTANT_CONVERSION = YES;
				CLANG_WARN_DIRECT_OBJC_ISA_USAGE = YES_ERROR;
				CLANG_WARN_EMPTY_BODY = YES;
				CLANG_WARN_ENUM_CONVERSION = YES;
				CLANG_WARN_INFINITE_RECURSION = YES;
				CLANG_WARN_INT_CONVERSION = YES;
				CLANG_WARN_OBJC_ROOT_CLASS = YES_ERROR;
				CLANG_WARN_SUSPICIOUS_MOVE = YES;
				CLANG_WARN_UNREACHABLE_CODE = YES;
				CLANG_WARN__DUPLICATE_METHOD_MATCH = YES;
				"CODE_SIGN_IDENTITY[sdk=iphoneos*]" = "iPhone Developer";
				COPY_PHASE_STRIP = NO;
				CURRENT_PROJECT_VERSION = 1;
				DEBUG_INFORMATION_FORMAT = dwarf;
				ENABLE_STRICT_OBJC_MSGSEND = YES;
				ENABLE_TESTABILITY = YES;
				GCC_C_LANGUAGE_STANDARD = gnu99;
				GCC_DYNAMIC_NO_PIC = NO;
				GCC_NO_COMMON_BLOCKS = YES;
				GCC_OPTIMIZATION_LEVEL = 0;
				GCC_PREPROCESSOR_DEFINITIONS = (
					"DEBUG=1",
					"$(inherited)",
				);
				GCC_WARN_64_TO_32_BIT_CONVERSION = YES;
				GCC_WARN_ABOUT_RETURN_TYPE = YES_ERROR;
				GCC_WARN_UNDECLARED_SELECTOR = YES;
				GCC_WARN_UNINITIALIZED_AUTOS = YES_AGGRESSIVE;
				GCC_WARN_UNUSED_FUNCTION = YES;
				GCC_WARN_UNUSED_VARIABLE = YES;
				IPHONEOS_DEPLOYMENT_TARGET = 9.2;
				MTL_ENABLE_DEBUG_INFO = YES;
				ONLY_ACTIVE_ARCH = YES;
				SDKROOT = iphoneos;
				SWIFT_OPTIMIZATION_LEVEL = "-Onone";
				SWIFT_VERSION = 3.0;
				TARGETED_DEVICE_FAMILY = "1,2";
				VERSIONING_SYSTEM = "apple-generic";
				VERSION_INFO_PREFIX = "";
			};
			name = Debug;
		};
		D94305711C5C184B00FA14B6 /* Release */ = {
			isa = XCBuildConfiguration;
			buildSettings = {
				ALWAYS_SEARCH_USER_PATHS = NO;
				CLANG_CXX_LANGUAGE_STANDARD = "gnu++0x";
				CLANG_CXX_LIBRARY = "libc++";
				CLANG_ENABLE_MODULES = YES;
				CLANG_ENABLE_OBJC_ARC = YES;
				CLANG_WARN_BOOL_CONVERSION = YES;
				CLANG_WARN_CONSTANT_CONVERSION = YES;
				CLANG_WARN_DIRECT_OBJC_ISA_USAGE = YES_ERROR;
				CLANG_WARN_EMPTY_BODY = YES;
				CLANG_WARN_ENUM_CONVERSION = YES;
				CLANG_WARN_INFINITE_RECURSION = YES;
				CLANG_WARN_INT_CONVERSION = YES;
				CLANG_WARN_OBJC_ROOT_CLASS = YES_ERROR;
				CLANG_WARN_SUSPICIOUS_MOVE = YES;
				CLANG_WARN_UNREACHABLE_CODE = YES;
				CLANG_WARN__DUPLICATE_METHOD_MATCH = YES;
				"CODE_SIGN_IDENTITY[sdk=iphoneos*]" = "iPhone Developer";
				COPY_PHASE_STRIP = NO;
				CURRENT_PROJECT_VERSION = 1;
				DEBUG_INFORMATION_FORMAT = "dwarf-with-dsym";
				ENABLE_NS_ASSERTIONS = NO;
				ENABLE_STRICT_OBJC_MSGSEND = YES;
				GCC_C_LANGUAGE_STANDARD = gnu99;
				GCC_NO_COMMON_BLOCKS = YES;
				GCC_WARN_64_TO_32_BIT_CONVERSION = YES;
				GCC_WARN_ABOUT_RETURN_TYPE = YES_ERROR;
				GCC_WARN_UNDECLARED_SELECTOR = YES;
				GCC_WARN_UNINITIALIZED_AUTOS = YES_AGGRESSIVE;
				GCC_WARN_UNUSED_FUNCTION = YES;
				GCC_WARN_UNUSED_VARIABLE = YES;
				IPHONEOS_DEPLOYMENT_TARGET = 9.2;
				MTL_ENABLE_DEBUG_INFO = NO;
				SDKROOT = iphoneos;
				SWIFT_OPTIMIZATION_LEVEL = "-Owholemodule";
				SWIFT_VERSION = 3.0;
				TARGETED_DEVICE_FAMILY = "1,2";
				VALIDATE_PRODUCT = YES;
				VERSIONING_SYSTEM = "apple-generic";
				VERSION_INFO_PREFIX = "";
			};
			name = Release;
		};
		D94305731C5C184B00FA14B6 /* Debug */ = {
			isa = XCBuildConfiguration;
			baseConfigurationReference = BFBB32924C908E5E60760FC4 /* Pods-LDSAnnotations.debug.xcconfig */;
			buildSettings = {
				CLANG_ENABLE_MODULES = YES;
				"CODE_SIGN_IDENTITY[sdk=iphoneos*]" = "";
				DEFINES_MODULE = YES;
				DYLIB_COMPATIBILITY_VERSION = 1;
				DYLIB_CURRENT_VERSION = 1;
				DYLIB_INSTALL_NAME_BASE = "@rpath";
				INFOPLIST_FILE = LDSAnnotations/Info.plist;
				INSTALL_PATH = "$(LOCAL_LIBRARY_DIR)/Frameworks";
				LD_RUNPATH_SEARCH_PATHS = "$(inherited) @executable_path/Frameworks @loader_path/Frameworks";
				PRODUCT_BUNDLE_IDENTIFIER = com.crosswaterbridge.LDSAnnotations;
				PRODUCT_NAME = LDSAnnotations;
				SKIP_INSTALL = YES;
				SWIFT_OPTIMIZATION_LEVEL = "-Onone";
			};
			name = Debug;
		};
		D94305741C5C184B00FA14B6 /* Release */ = {
			isa = XCBuildConfiguration;
			baseConfigurationReference = 665C48DC0014C1BF3A79EFD5 /* Pods-LDSAnnotations.release.xcconfig */;
			buildSettings = {
				CLANG_ENABLE_MODULES = YES;
				"CODE_SIGN_IDENTITY[sdk=iphoneos*]" = "";
				DEFINES_MODULE = YES;
				DYLIB_COMPATIBILITY_VERSION = 1;
				DYLIB_CURRENT_VERSION = 1;
				DYLIB_INSTALL_NAME_BASE = "@rpath";
				INFOPLIST_FILE = LDSAnnotations/Info.plist;
				INSTALL_PATH = "$(LOCAL_LIBRARY_DIR)/Frameworks";
				LD_RUNPATH_SEARCH_PATHS = "$(inherited) @executable_path/Frameworks @loader_path/Frameworks";
				PRODUCT_BUNDLE_IDENTIFIER = com.crosswaterbridge.LDSAnnotations;
				PRODUCT_NAME = LDSAnnotations;
				SKIP_INSTALL = YES;
			};
			name = Release;
		};
/* End XCBuildConfiguration section */

/* Begin XCConfigurationList section */
		D90A3CE41C95C6FE0060094B /* Build configuration list for PBXNativeTarget "LDSAnnotationsTests" */ = {
			isa = XCConfigurationList;
			buildConfigurations = (
				D90A3CE51C95C6FE0060094B /* Debug */,
				D90A3CE61C95C6FE0060094B /* Release */,
			);
			defaultConfigurationIsVisible = 0;
			defaultConfigurationName = Release;
		};
		D94305581C5C184B00FA14B6 /* Build configuration list for PBXProject "LDSAnnotations" */ = {
			isa = XCConfigurationList;
			buildConfigurations = (
				D94305701C5C184B00FA14B6 /* Debug */,
				D94305711C5C184B00FA14B6 /* Release */,
			);
			defaultConfigurationIsVisible = 0;
			defaultConfigurationName = Release;
		};
		D94305721C5C184B00FA14B6 /* Build configuration list for PBXNativeTarget "LDSAnnotations" */ = {
			isa = XCConfigurationList;
			buildConfigurations = (
				D94305731C5C184B00FA14B6 /* Debug */,
				D94305741C5C184B00FA14B6 /* Release */,
			);
			defaultConfigurationIsVisible = 0;
			defaultConfigurationName = Release;
		};
/* End XCConfigurationList section */
	};
	rootObject = D94305551C5C184B00FA14B6 /* Project object */;
}
