<?xml version="1.0" encoding="UTF-8"?>
<!DOCTYPE plist PUBLIC "-//Apple//DTD PLIST 1.0//EN" "http://www.apple.com/DTDs/PropertyList-1.0.dtd">
<plist version="1.0">
<dict>
	<key>archiveVersion</key>
	<string>1</string>
	<key>classes</key>
	<dict/>
	<key>objectVersion</key>
	<string>46</string>
	<key>objects</key>
	<dict>
		<key>08B6B579CA796A42FA364261</key>
		<dict>
			<key>includeInIndex</key>
			<string>1</string>
			<key>isa</key>
			<string>PBXFileReference</string>
			<key>lastKnownFileType</key>
			<string>text.xcconfig</string>
			<key>name</key>
			<string>Pods-LDSAnnotationsTests.debug.xcconfig</string>
			<key>path</key>
			<string>Pods/Target Support Files/Pods-LDSAnnotationsTests/Pods-LDSAnnotationsTests.debug.xcconfig</string>
			<key>sourceTree</key>
			<string>&lt;group&gt;</string>
		</dict>
		<key>0AB028B59FEE803D652071E9</key>
		<dict>
			<key>buildActionMask</key>
			<string>2147483647</string>
			<key>files</key>
			<array/>
			<key>inputPaths</key>
			<array/>
			<key>isa</key>
			<string>PBXShellScriptBuildPhase</string>
			<key>name</key>
			<string>[CP] Check Pods Manifest.lock</string>
			<key>outputPaths</key>
			<array/>
			<key>runOnlyForDeploymentPostprocessing</key>
			<string>0</string>
			<key>shellPath</key>
			<string>/bin/sh</string>
			<key>shellScript</key>
			<string>diff "${PODS_ROOT}/../Podfile.lock" "${PODS_ROOT}/Manifest.lock" &gt; /dev/null
if [[ $? != 0 ]] ; then
    cat &lt;&lt; EOM
error: The sandbox is not in sync with the Podfile.lock. Run 'pod install' or update your CocoaPods installation.
EOM
    exit 1
fi
</string>
			<key>showEnvVarsInLog</key>
			<string>0</string>
		</dict>
		<key>72E0CF02C8CE72A1FB906525</key>
		<dict>
			<key>buildActionMask</key>
			<string>2147483647</string>
			<key>files</key>
			<array/>
			<key>inputPaths</key>
			<array/>
			<key>isa</key>
			<string>PBXShellScriptBuildPhase</string>
			<key>name</key>
			<string>[CP] Check Pods Manifest.lock</string>
			<key>outputPaths</key>
			<array/>
			<key>runOnlyForDeploymentPostprocessing</key>
			<string>0</string>
			<key>shellPath</key>
			<string>/bin/sh</string>
			<key>shellScript</key>
			<string>diff "${PODS_ROOT}/../Podfile.lock" "${PODS_ROOT}/Manifest.lock" &gt; /dev/null
if [[ $? != 0 ]] ; then
    cat &lt;&lt; EOM
error: The sandbox is not in sync with the Podfile.lock. Run 'pod install' or update your CocoaPods installation.
EOM
    exit 1
fi
</string>
			<key>showEnvVarsInLog</key>
			<string>0</string>
		</dict>
		<key>81C56F5619CFE5F829CAA9F2</key>
		<dict>
			<key>explicitFileType</key>
			<string>wrapper.framework</string>
			<key>includeInIndex</key>
			<string>0</string>
			<key>isa</key>
			<string>PBXFileReference</string>
			<key>path</key>
			<string>Pods_LDSAnnotationsTests.framework</string>
			<key>sourceTree</key>
			<string>BUILT_PRODUCTS_DIR</string>
		</dict>
		<key>8A6C11D6965DA364CA215B46</key>
		<dict>
			<key>buildActionMask</key>
			<string>2147483647</string>
			<key>files</key>
			<array/>
			<key>inputPaths</key>
			<array/>
			<key>isa</key>
			<string>PBXShellScriptBuildPhase</string>
			<key>name</key>
			<string>[CP] Copy Pods Resources</string>
			<key>outputPaths</key>
			<array/>
			<key>runOnlyForDeploymentPostprocessing</key>
			<string>0</string>
			<key>shellPath</key>
			<string>/bin/sh</string>
			<key>shellScript</key>
			<string>"${SRCROOT}/Pods/Target Support Files/Pods-LDSAnnotations/Pods-LDSAnnotations-resources.sh"
</string>
			<key>showEnvVarsInLog</key>
			<string>0</string>
		</dict>
		<key>969F3DB91A011C20BC9117D7</key>
		<dict>
			<key>includeInIndex</key>
			<string>1</string>
			<key>isa</key>
			<string>PBXFileReference</string>
			<key>lastKnownFileType</key>
			<string>text.xcconfig</string>
			<key>name</key>
			<string>Pods-LDSAnnotationsTests.release.xcconfig</string>
			<key>path</key>
			<string>Pods/Target Support Files/Pods-LDSAnnotationsTests/Pods-LDSAnnotationsTests.release.xcconfig</string>
			<key>sourceTree</key>
			<string>&lt;group&gt;</string>
		</dict>
		<key>96C708257BFA1C4E193E6085</key>
		<dict>
			<key>includeInIndex</key>
			<string>1</string>
			<key>isa</key>
			<string>PBXFileReference</string>
			<key>lastKnownFileType</key>
			<string>text.xcconfig</string>
			<key>name</key>
			<string>Pods-LDSAnnotations.debug.xcconfig</string>
			<key>path</key>
			<string>Pods/Target Support Files/Pods-LDSAnnotations/Pods-LDSAnnotations.debug.xcconfig</string>
			<key>sourceTree</key>
			<string>&lt;group&gt;</string>
		</dict>
		<key>B4EB3924D65345FE54A63881</key>
		<dict>
			<key>buildActionMask</key>
			<string>2147483647</string>
			<key>files</key>
			<array/>
			<key>inputPaths</key>
			<array/>
			<key>isa</key>
			<string>PBXShellScriptBuildPhase</string>
			<key>name</key>
			<string>[CP] Embed Pods Frameworks</string>
			<key>outputPaths</key>
			<array/>
			<key>runOnlyForDeploymentPostprocessing</key>
			<string>0</string>
			<key>shellPath</key>
			<string>/bin/sh</string>
			<key>shellScript</key>
			<string>"${SRCROOT}/Pods/Target Support Files/Pods-LDSAnnotationsTests/Pods-LDSAnnotationsTests-frameworks.sh"
</string>
			<key>showEnvVarsInLog</key>
			<string>0</string>
		</dict>
		<key>BAE127B5B21A59151FE29308</key>
		<dict>
			<key>explicitFileType</key>
			<string>wrapper.framework</string>
			<key>includeInIndex</key>
			<string>0</string>
			<key>isa</key>
			<string>PBXFileReference</string>
			<key>path</key>
			<string>Pods_LDSAnnotations.framework</string>
			<key>sourceTree</key>
			<string>BUILT_PRODUCTS_DIR</string>
		</dict>
		<key>C8DBEA64DD2483EFF9F08107</key>
		<dict>
			<key>buildActionMask</key>
			<string>2147483647</string>
			<key>files</key>
			<array/>
			<key>inputPaths</key>
			<array/>
			<key>isa</key>
			<string>PBXShellScriptBuildPhase</string>
			<key>name</key>
			<string>[CP] Copy Pods Resources</string>
			<key>outputPaths</key>
			<array/>
			<key>runOnlyForDeploymentPostprocessing</key>
			<string>0</string>
			<key>shellPath</key>
			<string>/bin/sh</string>
			<key>shellScript</key>
			<string>"${SRCROOT}/Pods/Target Support Files/Pods-LDSAnnotationsTests/Pods-LDSAnnotationsTests-resources.sh"
</string>
			<key>showEnvVarsInLog</key>
			<string>0</string>
		</dict>
		<key>D40ADDCF1D0F0BEE004FA7F5</key>
		<dict>
			<key>fileEncoding</key>
			<string>4</string>
			<key>isa</key>
			<string>PBXFileReference</string>
			<key>lastKnownFileType</key>
			<string>sourcecode.swift</string>
			<key>path</key>
			<string>OrderBy.swift</string>
			<key>sourceTree</key>
			<string>&lt;group&gt;</string>
		</dict>
		<key>D40ADDD01D0F0BEE004FA7F5</key>
		<dict>
			<key>fileRef</key>
			<string>D40ADDCF1D0F0BEE004FA7F5</string>
			<key>isa</key>
			<string>PBXBuildFile</string>
		</dict>
		<key>D40F0A201C97531D002D61EA</key>
		<dict>
			<key>children</key>
			<array>
				<string>D4A90CDF1C986F5D0010F8F2</string>
				<string>D4A90CE11C986FB40010F8F2</string>
				<string>D95F19D21CD8DD9C008618AA</string>
			</array>
			<key>isa</key>
			<string>PBXGroup</string>
			<key>name</key>
			<string>Annotations</string>
			<key>sourceTree</key>
			<string>&lt;group&gt;</string>
		</dict>
		<key>D40F0A211C975368002D61EA</key>
		<dict>
			<key>fileEncoding</key>
			<string>4</string>
			<key>isa</key>
			<string>PBXFileReference</string>
			<key>lastKnownFileType</key>
			<string>sourcecode.swift</string>
			<key>path</key>
			<string>Annotation.swift</string>
			<key>sourceTree</key>
			<string>&lt;group&gt;</string>
		</dict>
		<key>D40F0A221C975368002D61EA</key>
		<dict>
			<key>fileRef</key>
			<string>D40F0A211C975368002D61EA</string>
			<key>isa</key>
			<string>PBXBuildFile</string>
		</dict>
		<key>D40F0A231C975988002D61EA</key>
		<dict>
			<key>fileEncoding</key>
			<string>4</string>
			<key>isa</key>
			<string>PBXFileReference</string>
			<key>lastKnownFileType</key>
			<string>sourcecode.swift</string>
			<key>path</key>
			<string>AnnotationType.swift</string>
			<key>sourceTree</key>
			<string>&lt;group&gt;</string>
		</dict>
		<key>D40F0A241C975988002D61EA</key>
		<dict>
			<key>fileRef</key>
			<string>D40F0A231C975988002D61EA</string>
			<key>isa</key>
			<string>PBXBuildFile</string>
		</dict>
		<key>D40F0A251C976507002D61EA</key>
		<dict>
			<key>fileEncoding</key>
			<string>4</string>
			<key>isa</key>
			<string>PBXFileReference</string>
			<key>lastKnownFileType</key>
			<string>sourcecode.swift</string>
			<key>path</key>
			<string>Highlight.swift</string>
			<key>sourceTree</key>
			<string>&lt;group&gt;</string>
		</dict>
		<key>D40F0A261C976507002D61EA</key>
		<dict>
			<key>fileRef</key>
			<string>D40F0A251C976507002D61EA</string>
			<key>isa</key>
			<string>PBXBuildFile</string>
		</dict>
		<key>D40F0A271C976634002D61EA</key>
		<dict>
			<key>fileEncoding</key>
			<string>4</string>
			<key>isa</key>
			<string>PBXFileReference</string>
			<key>lastKnownFileType</key>
			<string>sourcecode.swift</string>
			<key>path</key>
			<string>HighlightStyle.swift</string>
			<key>sourceTree</key>
			<string>&lt;group&gt;</string>
		</dict>
		<key>D40F0A281C976634002D61EA</key>
		<dict>
			<key>fileRef</key>
			<string>D40F0A271C976634002D61EA</string>
			<key>isa</key>
			<string>PBXBuildFile</string>
		</dict>
		<key>D40F0A291C97693C002D61EA</key>
		<dict>
			<key>fileEncoding</key>
			<string>4</string>
			<key>isa</key>
			<string>PBXFileReference</string>
			<key>lastKnownFileType</key>
			<string>sourcecode.swift</string>
			<key>path</key>
			<string>Note.swift</string>
			<key>sourceTree</key>
			<string>&lt;group&gt;</string>
		</dict>
		<key>D40F0A2A1C97693C002D61EA</key>
		<dict>
			<key>fileRef</key>
			<string>D40F0A291C97693C002D61EA</string>
			<key>isa</key>
			<string>PBXBuildFile</string>
		</dict>
		<key>D40F0A2B1C976A58002D61EA</key>
		<dict>
			<key>fileEncoding</key>
			<string>4</string>
			<key>isa</key>
			<string>PBXFileReference</string>
			<key>lastKnownFileType</key>
			<string>sourcecode.swift</string>
			<key>path</key>
			<string>Tag.swift</string>
			<key>sourceTree</key>
			<string>&lt;group&gt;</string>
		</dict>
		<key>D40F0A2C1C976A58002D61EA</key>
		<dict>
			<key>fileRef</key>
			<string>D40F0A2B1C976A58002D61EA</string>
			<key>isa</key>
			<string>PBXBuildFile</string>
		</dict>
		<key>D40F0A2D1C976B7E002D61EA</key>
		<dict>
			<key>fileEncoding</key>
			<string>4</string>
			<key>isa</key>
			<string>PBXFileReference</string>
			<key>lastKnownFileType</key>
			<string>sourcecode.swift</string>
			<key>path</key>
			<string>Link.swift</string>
			<key>sourceTree</key>
			<string>&lt;group&gt;</string>
		</dict>
		<key>D40F0A2E1C976B7E002D61EA</key>
		<dict>
			<key>fileRef</key>
			<string>D40F0A2D1C976B7E002D61EA</string>
			<key>isa</key>
			<string>PBXBuildFile</string>
		</dict>
		<key>D40F0A2F1C977129002D61EA</key>
		<dict>
			<key>fileEncoding</key>
			<string>4</string>
			<key>isa</key>
			<string>PBXFileReference</string>
			<key>lastKnownFileType</key>
			<string>sourcecode.swift</string>
			<key>path</key>
			<string>Bookmark.swift</string>
			<key>sourceTree</key>
			<string>&lt;group&gt;</string>
		</dict>
		<key>D40F0A301C977129002D61EA</key>
		<dict>
			<key>fileRef</key>
			<string>D40F0A2F1C977129002D61EA</string>
			<key>isa</key>
			<string>PBXBuildFile</string>
		</dict>
		<key>D48FD6A21C9B0C640089EA68</key>
		<dict>
			<key>fileEncoding</key>
			<string>4</string>
			<key>isa</key>
			<string>PBXFileReference</string>
			<key>lastKnownFileType</key>
			<string>sourcecode.swift</string>
			<key>path</key>
			<string>AnnotationNotebook.swift</string>
			<key>sourceTree</key>
			<string>&lt;group&gt;</string>
		</dict>
		<key>D48FD6A31C9B0C640089EA68</key>
		<dict>
			<key>fileRef</key>
			<string>D48FD6A21C9B0C640089EA68</string>
			<key>isa</key>
			<string>PBXBuildFile</string>
		</dict>
		<key>D48FD6A41C9B0CC70089EA68</key>
		<dict>
			<key>fileEncoding</key>
			<string>4</string>
			<key>isa</key>
			<string>PBXFileReference</string>
			<key>lastKnownFileType</key>
			<string>sourcecode.swift</string>
			<key>path</key>
			<string>AnnotationStore+AnnotationNotebook.swift</string>
			<key>sourceTree</key>
			<string>&lt;group&gt;</string>
		</dict>
		<key>D48FD6A51C9B0CC70089EA68</key>
		<dict>
			<key>fileRef</key>
			<string>D48FD6A41C9B0CC70089EA68</string>
			<key>isa</key>
			<string>PBXBuildFile</string>
		</dict>
		<key>D49E24091D0072D100052511</key>
		<dict>
			<key>fileEncoding</key>
			<string>4</string>
			<key>isa</key>
			<string>PBXFileReference</string>
			<key>lastKnownFileType</key>
			<string>sourcecode.swift</string>
			<key>path</key>
			<string>AccountController.swift</string>
			<key>sourceTree</key>
			<string>&lt;group&gt;</string>
		</dict>
		<key>D49E240A1D0072D100052511</key>
		<dict>
			<key>fileRef</key>
			<string>D49E24091D0072D100052511</string>
			<key>isa</key>
			<string>PBXBuildFile</string>
		</dict>
		<key>D49E240B1D0072E000052511</key>
		<dict>
			<key>children</key>
			<array>
				<string>D49E24091D0072D100052511</string>
				<string>D49E240C1D0072ED00052511</string>
			</array>
			<key>isa</key>
			<string>PBXGroup</string>
			<key>name</key>
			<string>Account</string>
			<key>sourceTree</key>
			<string>&lt;group&gt;</string>
		</dict>
		<key>D49E240C1D0072ED00052511</key>
		<dict>
			<key>fileEncoding</key>
			<string>4</string>
			<key>isa</key>
			<string>PBXFileReference</string>
			<key>lastKnownFileType</key>
			<string>sourcecode.swift</string>
			<key>path</key>
			<string>SessionController.swift</string>
			<key>sourceTree</key>
			<string>&lt;group&gt;</string>
		</dict>
		<key>D49E240D1D0072ED00052511</key>
		<dict>
			<key>fileRef</key>
			<string>D49E240C1D0072ED00052511</string>
			<key>isa</key>
			<string>PBXBuildFile</string>
		</dict>
		<key>D4A90CDF1C986F5D0010F8F2</key>
		<dict>
			<key>fileEncoding</key>
			<string>4</string>
			<key>isa</key>
			<string>PBXFileReference</string>
			<key>lastKnownFileType</key>
			<string>sourcecode.swift</string>
			<key>path</key>
			<string>SyncAnnotationsOperation.swift</string>
			<key>sourceTree</key>
			<string>&lt;group&gt;</string>
		</dict>
		<key>D4A90CE01C986F5D0010F8F2</key>
		<dict>
			<key>fileRef</key>
			<string>D4A90CDF1C986F5D0010F8F2</string>
			<key>isa</key>
			<string>PBXBuildFile</string>
		</dict>
		<key>D4A90CE11C986FB40010F8F2</key>
		<dict>
			<key>fileEncoding</key>
			<string>4</string>
			<key>isa</key>
			<string>PBXFileReference</string>
			<key>lastKnownFileType</key>
			<string>sourcecode.swift</string>
			<key>path</key>
			<string>SyncAnnotationsResult.swift</string>
			<key>sourceTree</key>
			<string>&lt;group&gt;</string>
		</dict>
		<key>D4A90CE21C986FB40010F8F2</key>
		<dict>
			<key>fileRef</key>
			<string>D4A90CE11C986FB40010F8F2</string>
			<key>isa</key>
			<string>PBXBuildFile</string>
		</dict>
		<key>D4A90CE31C9876230010F8F2</key>
		<dict>
			<key>fileEncoding</key>
			<string>4</string>
			<key>isa</key>
			<string>PBXFileReference</string>
			<key>lastKnownFileType</key>
			<string>sourcecode.swift</string>
			<key>path</key>
			<string>AnnotationStore+Notebook.swift</string>
			<key>sourceTree</key>
			<string>&lt;group&gt;</string>
		</dict>
		<key>D4A90CE41C9876230010F8F2</key>
		<dict>
			<key>fileRef</key>
			<string>D4A90CE31C9876230010F8F2</string>
			<key>isa</key>
			<string>PBXBuildFile</string>
		</dict>
		<key>D4A90CE51C9877B10010F8F2</key>
		<dict>
			<key>fileEncoding</key>
			<string>4</string>
			<key>isa</key>
			<string>PBXFileReference</string>
			<key>lastKnownFileType</key>
			<string>sourcecode.swift</string>
			<key>path</key>
			<string>AnnotationStore+Annotation.swift</string>
			<key>sourceTree</key>
			<string>&lt;group&gt;</string>
		</dict>
		<key>D4A90CE61C9877B10010F8F2</key>
		<dict>
			<key>fileRef</key>
			<string>D4A90CE51C9877B10010F8F2</string>
			<key>isa</key>
			<string>PBXBuildFile</string>
		</dict>
		<key>D4A90CE71C988FBD0010F8F2</key>
		<dict>
			<key>fileEncoding</key>
			<string>4</string>
			<key>isa</key>
			<string>PBXFileReference</string>
			<key>lastKnownFileType</key>
			<string>sourcecode.swift</string>
			<key>path</key>
			<string>AnnotationStore+Note.swift</string>
			<key>sourceTree</key>
			<string>&lt;group&gt;</string>
		</dict>
		<key>D4A90CE81C988FBD0010F8F2</key>
		<dict>
			<key>fileRef</key>
			<string>D4A90CE71C988FBD0010F8F2</string>
			<key>isa</key>
			<string>PBXBuildFile</string>
		</dict>
		<key>D4ACFD351C99DD57008CEF22</key>
		<dict>
			<key>fileEncoding</key>
			<string>4</string>
			<key>isa</key>
			<string>PBXFileReference</string>
			<key>lastKnownFileType</key>
			<string>sourcecode.swift</string>
			<key>path</key>
			<string>AnnotationStore+Bookmark.swift</string>
			<key>sourceTree</key>
			<string>&lt;group&gt;</string>
		</dict>
		<key>D4ACFD361C99DD57008CEF22</key>
		<dict>
			<key>fileRef</key>
			<string>D4ACFD351C99DD57008CEF22</string>
			<key>isa</key>
			<string>PBXBuildFile</string>
		</dict>
		<key>D4ACFD371C99E1DC008CEF22</key>
		<dict>
			<key>fileEncoding</key>
			<string>4</string>
			<key>isa</key>
			<string>PBXFileReference</string>
			<key>lastKnownFileType</key>
			<string>sourcecode.swift</string>
			<key>path</key>
			<string>AnnotationStore+Highlight.swift</string>
			<key>sourceTree</key>
			<string>&lt;group&gt;</string>
		</dict>
		<key>D4ACFD381C99E1DC008CEF22</key>
		<dict>
			<key>fileRef</key>
			<string>D4ACFD371C99E1DC008CEF22</string>
			<key>isa</key>
			<string>PBXBuildFile</string>
		</dict>
		<key>D4ACFD391C99EB37008CEF22</key>
		<dict>
			<key>fileEncoding</key>
			<string>4</string>
			<key>isa</key>
			<string>PBXFileReference</string>
			<key>lastKnownFileType</key>
			<string>sourcecode.swift</string>
			<key>path</key>
			<string>AnnotationStore+Tag.swift</string>
			<key>sourceTree</key>
			<string>&lt;group&gt;</string>
		</dict>
		<key>D4ACFD3A1C99EB37008CEF22</key>
		<dict>
			<key>fileRef</key>
			<string>D4ACFD391C99EB37008CEF22</string>
			<key>isa</key>
			<string>PBXBuildFile</string>
		</dict>
		<key>D4ACFD3B1C99ECF1008CEF22</key>
		<dict>
			<key>fileEncoding</key>
			<string>4</string>
			<key>isa</key>
			<string>PBXFileReference</string>
			<key>lastKnownFileType</key>
			<string>sourcecode.swift</string>
			<key>path</key>
			<string>AnnotationTag.swift</string>
			<key>sourceTree</key>
			<string>&lt;group&gt;</string>
		</dict>
		<key>D4ACFD3C1C99ECF1008CEF22</key>
		<dict>
			<key>fileRef</key>
			<string>D4ACFD3B1C99ECF1008CEF22</string>
			<key>isa</key>
			<string>PBXBuildFile</string>
		</dict>
		<key>D4ACFD3D1C99EDF0008CEF22</key>
		<dict>
			<key>fileEncoding</key>
			<string>4</string>
			<key>isa</key>
			<string>PBXFileReference</string>
			<key>lastKnownFileType</key>
			<string>sourcecode.swift</string>
			<key>path</key>
			<string>AnnotationStore+AnnotationTag.swift</string>
			<key>sourceTree</key>
			<string>&lt;group&gt;</string>
		</dict>
		<key>D4ACFD3E1C99EDF0008CEF22</key>
		<dict>
			<key>fileRef</key>
			<string>D4ACFD3D1C99EDF0008CEF22</string>
			<key>isa</key>
			<string>PBXBuildFile</string>
		</dict>
		<key>D4ACFD3F1C99F6A5008CEF22</key>
		<dict>
			<key>fileEncoding</key>
			<string>4</string>
			<key>isa</key>
			<string>PBXFileReference</string>
			<key>lastKnownFileType</key>
			<string>sourcecode.swift</string>
			<key>path</key>
			<string>AnnotationStore+Link.swift</string>
			<key>sourceTree</key>
			<string>&lt;group&gt;</string>
		</dict>
		<key>D4ACFD401C99F6A5008CEF22</key>
		<dict>
			<key>fileRef</key>
			<string>D4ACFD3F1C99F6A5008CEF22</string>
			<key>isa</key>
			<string>PBXBuildFile</string>
		</dict>
		<key>D90A3CD81C95C6FE0060094B</key>
		<dict>
			<key>buildActionMask</key>
			<string>2147483647</string>
			<key>files</key>
			<array>
				<string>D95392D01D02611200CB4921</string>
				<string>D95F19B51CD66F09008618AA</string>
				<string>D90A3CE91C95C7280060094B</string>
				<string>D95F19B31CD664B2008618AA</string>
				<string>D95392CE1D025FA100CB4921</string>
				<string>D90A3CEA1C95C7280060094B</string>
				<string>D95F19D51CD8E4C3008618AA</string>
			</array>
			<key>isa</key>
			<string>PBXSourcesBuildPhase</string>
			<key>runOnlyForDeploymentPostprocessing</key>
			<string>0</string>
		</dict>
		<key>D90A3CD91C95C6FE0060094B</key>
		<dict>
			<key>buildActionMask</key>
			<string>2147483647</string>
			<key>files</key>
			<array>
				<string>D90A3CE11C95C6FE0060094B</string>
				<string>FD85D981DD1114C3196CCB65</string>
			</array>
			<key>isa</key>
			<string>PBXFrameworksBuildPhase</string>
			<key>runOnlyForDeploymentPostprocessing</key>
			<string>0</string>
		</dict>
		<key>D90A3CDA1C95C6FE0060094B</key>
		<dict>
			<key>buildActionMask</key>
			<string>2147483647</string>
			<key>files</key>
			<array/>
			<key>isa</key>
			<string>PBXResourcesBuildPhase</string>
			<key>runOnlyForDeploymentPostprocessing</key>
			<string>0</string>
		</dict>
		<key>D90A3CDB1C95C6FE0060094B</key>
		<dict>
			<key>buildConfigurationList</key>
			<string>D90A3CE41C95C6FE0060094B</string>
			<key>buildPhases</key>
			<array>
				<string>72E0CF02C8CE72A1FB906525</string>
				<string>D90A3CD81C95C6FE0060094B</string>
				<string>D90A3CD91C95C6FE0060094B</string>
				<string>D90A3CDA1C95C6FE0060094B</string>
				<string>B4EB3924D65345FE54A63881</string>
				<string>C8DBEA64DD2483EFF9F08107</string>
			</array>
			<key>buildRules</key>
			<array/>
			<key>dependencies</key>
			<array>
				<string>D90A3CE31C95C6FE0060094B</string>
			</array>
			<key>isa</key>
			<string>PBXNativeTarget</string>
			<key>name</key>
			<string>LDSAnnotationsTests</string>
			<key>productName</key>
			<string>LDSAnnotationsTests</string>
			<key>productReference</key>
			<string>D90A3CDC1C95C6FE0060094B</string>
			<key>productType</key>
			<string>com.apple.product-type.bundle.unit-test</string>
		</dict>
		<key>D90A3CDC1C95C6FE0060094B</key>
		<dict>
			<key>explicitFileType</key>
			<string>wrapper.cfbundle</string>
			<key>includeInIndex</key>
			<string>0</string>
			<key>isa</key>
			<string>PBXFileReference</string>
			<key>path</key>
			<string>LDSAnnotationsTests.xctest</string>
			<key>sourceTree</key>
			<string>BUILT_PRODUCTS_DIR</string>
		</dict>
		<key>D90A3CDD1C95C6FE0060094B</key>
		<dict>
			<key>children</key>
			<array>
				<string>D95F19B41CD66F09008618AA</string>
				<string>D90A3CE71C95C7280060094B</string>
				<string>D95F19B21CD664B2008618AA</string>
				<string>D95F19D41CD8E4C3008618AA</string>
				<string>D90A3CE01C95C6FE0060094B</string>
				<string>D95392CF1D02611200CB4921</string>
				<string>D90A3CE81C95C7280060094B</string>
				<string>D95392CD1D025FA100CB4921</string>
			</array>
			<key>isa</key>
			<string>PBXGroup</string>
			<key>path</key>
			<string>LDSAnnotationsTests</string>
			<key>sourceTree</key>
			<string>&lt;group&gt;</string>
		</dict>
		<key>D90A3CE01C95C6FE0060094B</key>
		<dict>
			<key>isa</key>
			<string>PBXFileReference</string>
			<key>lastKnownFileType</key>
			<string>text.plist.xml</string>
			<key>path</key>
			<string>Info.plist</string>
			<key>sourceTree</key>
			<string>&lt;group&gt;</string>
		</dict>
		<key>D90A3CE11C95C6FE0060094B</key>
		<dict>
			<key>fileRef</key>
			<string>D943055E1C5C184B00FA14B6</string>
			<key>isa</key>
			<string>PBXBuildFile</string>
		</dict>
		<key>D90A3CE21C95C6FE0060094B</key>
		<dict>
			<key>containerPortal</key>
			<string>D94305551C5C184B00FA14B6</string>
			<key>isa</key>
			<string>PBXContainerItemProxy</string>
			<key>proxyType</key>
			<string>1</string>
			<key>remoteGlobalIDString</key>
			<string>D943055D1C5C184B00FA14B6</string>
			<key>remoteInfo</key>
			<string>LDSAnnotations</string>
		</dict>
		<key>D90A3CE31C95C6FE0060094B</key>
		<dict>
			<key>isa</key>
			<string>PBXTargetDependency</string>
			<key>target</key>
			<string>D943055D1C5C184B00FA14B6</string>
			<key>targetProxy</key>
			<string>D90A3CE21C95C6FE0060094B</string>
		</dict>
		<key>D90A3CE41C95C6FE0060094B</key>
		<dict>
			<key>buildConfigurations</key>
			<array>
				<string>D90A3CE51C95C6FE0060094B</string>
				<string>D90A3CE61C95C6FE0060094B</string>
			</array>
			<key>defaultConfigurationIsVisible</key>
			<string>0</string>
			<key>defaultConfigurationName</key>
			<string>Release</string>
			<key>isa</key>
			<string>XCConfigurationList</string>
		</dict>
		<key>D90A3CE51C95C6FE0060094B</key>
		<dict>
			<key>baseConfigurationReference</key>
			<string>08B6B579CA796A42FA364261</string>
			<key>buildSettings</key>
			<dict>
				<key>CLANG_ENABLE_MODULES</key>
				<string>YES</string>
				<key>INFOPLIST_FILE</key>
				<string>LDSAnnotationsTests/Info.plist</string>
				<key>LD_RUNPATH_SEARCH_PATHS</key>
				<string>$(inherited) @executable_path/Frameworks @loader_path/Frameworks</string>
				<key>PRODUCT_BUNDLE_IDENTIFIER</key>
				<string>com.crosswaterbridge.LDSAnnotationsTests</string>
				<key>PRODUCT_NAME</key>
				<string>$(TARGET_NAME)</string>
				<key>SWIFT_OPTIMIZATION_LEVEL</key>
				<string>-Onone</string>
				<key>SWIFT_VERSION</key>
				<string>2.3</string>
			</dict>
			<key>isa</key>
			<string>XCBuildConfiguration</string>
			<key>name</key>
			<string>Debug</string>
		</dict>
		<key>D90A3CE61C95C6FE0060094B</key>
		<dict>
			<key>baseConfigurationReference</key>
			<string>969F3DB91A011C20BC9117D7</string>
			<key>buildSettings</key>
			<dict>
				<key>CLANG_ENABLE_MODULES</key>
				<string>YES</string>
				<key>INFOPLIST_FILE</key>
				<string>LDSAnnotationsTests/Info.plist</string>
				<key>LD_RUNPATH_SEARCH_PATHS</key>
				<string>$(inherited) @executable_path/Frameworks @loader_path/Frameworks</string>
				<key>PRODUCT_BUNDLE_IDENTIFIER</key>
				<string>com.crosswaterbridge.LDSAnnotationsTests</string>
				<key>PRODUCT_NAME</key>
				<string>$(TARGET_NAME)</string>
				<key>SWIFT_VERSION</key>
				<string>2.3</string>
			</dict>
			<key>isa</key>
			<string>XCBuildConfiguration</string>
			<key>name</key>
			<string>Release</string>
		</dict>
		<key>D90A3CE71C95C7280060094B</key>
		<dict>
			<key>fileEncoding</key>
			<string>4</string>
			<key>isa</key>
			<string>PBXFileReference</string>
			<key>lastKnownFileType</key>
			<string>sourcecode.swift</string>
			<key>path</key>
			<string>AuthenticationTests.swift</string>
			<key>sourceTree</key>
			<string>&lt;group&gt;</string>
		</dict>
		<key>D90A3CE81C95C7280060094B</key>
		<dict>
			<key>fileEncoding</key>
			<string>4</string>
			<key>isa</key>
			<string>PBXFileReference</string>
			<key>lastKnownFileType</key>
			<string>sourcecode.swift</string>
			<key>path</key>
			<string>SyncNotebooksTests.swift</string>
			<key>sourceTree</key>
			<string>&lt;group&gt;</string>
		</dict>
		<key>D90A3CE91C95C7280060094B</key>
		<dict>
			<key>fileRef</key>
			<string>D90A3CE71C95C7280060094B</string>
			<key>isa</key>
			<string>PBXBuildFile</string>
		</dict>
		<key>D90A3CEA1C95C7280060094B</key>
		<dict>
			<key>fileRef</key>
			<string>D90A3CE81C95C7280060094B</string>
			<key>isa</key>
			<string>PBXBuildFile</string>
		</dict>
		<key>D94305541C5C184B00FA14B6</key>
		<dict>
			<key>children</key>
			<array>
				<string>D94305601C5C184B00FA14B6</string>
				<string>D90A3CDD1C95C6FE0060094B</string>
				<string>D943055F1C5C184B00FA14B6</string>
				<string>F0BC1F7DCEC9FBE69E62A9B8</string>
				<string>F307DFAD84BDB082F26E85C5</string>
			</array>
			<key>isa</key>
			<string>PBXGroup</string>
			<key>sourceTree</key>
			<string>&lt;group&gt;</string>
		</dict>
		<key>D94305551C5C184B00FA14B6</key>
		<dict>
			<key>attributes</key>
			<dict>
				<key>LastSwiftUpdateCheck</key>
				<string>0720</string>
				<key>LastUpgradeCheck</key>
				<string>0720</string>
				<key>ORGANIZATIONNAME</key>
				<string>Hilton Campbell</string>
				<key>TargetAttributes</key>
				<dict>
					<key>D90A3CDB1C95C6FE0060094B</key>
					<dict>
						<key>CreatedOnToolsVersion</key>
						<string>7.2.1</string>
						<key>LastSwiftMigration</key>
						<string>0800</string>
					</dict>
					<key>D943055D1C5C184B00FA14B6</key>
					<dict>
						<key>CreatedOnToolsVersion</key>
						<string>7.2</string>
						<key>LastSwiftMigration</key>
						<string>0800</string>
					</dict>
				</dict>
			</dict>
			<key>buildConfigurationList</key>
			<string>D94305581C5C184B00FA14B6</string>
			<key>compatibilityVersion</key>
			<string>Xcode 3.2</string>
			<key>developmentRegion</key>
			<string>English</string>
			<key>hasScannedForEncodings</key>
			<string>0</string>
			<key>isa</key>
			<string>PBXProject</string>
			<key>knownRegions</key>
			<array>
				<string>en</string>
			</array>
			<key>mainGroup</key>
			<string>D94305541C5C184B00FA14B6</string>
			<key>productRefGroup</key>
			<string>D943055F1C5C184B00FA14B6</string>
			<key>projectDirPath</key>
			<string></string>
			<key>projectReferences</key>
			<array/>
			<key>projectRoot</key>
			<string></string>
			<key>targets</key>
			<array>
				<string>D943055D1C5C184B00FA14B6</string>
				<string>D90A3CDB1C95C6FE0060094B</string>
			</array>
		</dict>
		<key>D94305581C5C184B00FA14B6</key>
		<dict>
			<key>buildConfigurations</key>
			<array>
				<string>D94305701C5C184B00FA14B6</string>
				<string>D94305711C5C184B00FA14B6</string>
			</array>
			<key>defaultConfigurationIsVisible</key>
			<string>0</string>
			<key>defaultConfigurationName</key>
			<string>Release</string>
			<key>isa</key>
			<string>XCConfigurationList</string>
		</dict>
		<key>D94305591C5C184B00FA14B6</key>
		<dict>
			<key>buildActionMask</key>
			<string>2147483647</string>
			<key>files</key>
			<array>
				<string>D9C470971C602B4A00EDCD69</string>
				<string>D4ACFD3E1C99EDF0008CEF22</string>
				<string>D40F0A221C975368002D61EA</string>
				<string>D40F0A2A1C97693C002D61EA</string>
				<string>D9C470D61C614FAE00EDCD69</string>
				<string>D49E240A1D0072D100052511</string>
				<string>D95F19D11CD8DCED008618AA</string>
				<string>D99234851C65505C00177FD2</string>
				<string>D4ACFD381C99E1DC008CEF22</string>
				<string>D95F19B71CD6CE67008618AA</string>
				<string>D99234871C6567A200177FD2</string>
				<string>D40F0A2C1C976A58002D61EA</string>
				<string>D95F19CF1CD8DC42008618AA</string>
				<string>D9C470951C60273400EDCD69</string>
				<string>D4ACFD401C99F6A5008CEF22</string>
				<string>D9C4708A1C60144800EDCD69</string>
				<string>D9C470DC1C61655100EDCD69</string>
				<string>D40F0A241C975988002D61EA</string>
				<string>D95F19CD1CD79BB6008618AA</string>
				<string>D9C470D81C615C1300EDCD69</string>
				<string>D40F0A261C976507002D61EA</string>
				<string>D99234831C628B7C00177FD2</string>
				<string>D48FD6A51C9B0CC70089EA68</string>
				<string>D4A90CE61C9877B10010F8F2</string>
				<string>D40F0A281C976634002D61EA</string>
				<string>D4A90CE81C988FBD0010F8F2</string>
				<string>D4ACFD361C99DD57008CEF22</string>
				<string>D4A90CE21C986FB40010F8F2</string>
				<string>D9C470E21C617A0400EDCD69</string>
				<string>D9C4709B1C60319400EDCD69</string>
				<string>D992349E1C66CC7100177FD2</string>
				<string>D4ACFD3C1C99ECF1008CEF22</string>
				<string>D48FD6A31C9B0C640089EA68</string>
				<string>D4A90CE41C9876230010F8F2</string>
				<string>D49E240D1D0072ED00052511</string>
				<string>D9C470991C60317E00EDCD69</string>
				<string>D94305791C5C237B00FA14B6</string>
				<string>D40F0A2E1C976B7E002D61EA</string>
				<string>D4A90CE01C986F5D0010F8F2</string>
				<string>D95F19D31CD8DD9C008618AA</string>
				<string>D4ACFD3A1C99EB37008CEF22</string>
				<string>D992347E1C627E6F00177FD2</string>
				<string>D9C470E01C61773D00EDCD69</string>
				<string>D40F0A301C977129002D61EA</string>
				<string>D40ADDD01D0F0BEE004FA7F5</string>
			</array>
			<key>isa</key>
			<string>PBXSourcesBuildPhase</string>
			<key>runOnlyForDeploymentPostprocessing</key>
			<string>0</string>
		</dict>
		<key>D943055A1C5C184B00FA14B6</key>
		<dict>
			<key>buildActionMask</key>
			<string>2147483647</string>
			<key>files</key>
			<array>
				<string>E1FF38C63A5D0B9DA2647B26</string>
			</array>
			<key>isa</key>
			<string>PBXFrameworksBuildPhase</string>
			<key>runOnlyForDeploymentPostprocessing</key>
			<string>0</string>
		</dict>
		<key>D943055B1C5C184B00FA14B6</key>
		<dict>
			<key>buildActionMask</key>
			<string>2147483647</string>
			<key>files</key>
			<array>
				<string>D94305621C5C184B00FA14B6</string>
			</array>
			<key>isa</key>
			<string>PBXHeadersBuildPhase</string>
			<key>runOnlyForDeploymentPostprocessing</key>
			<string>0</string>
		</dict>
		<key>D943055C1C5C184B00FA14B6</key>
		<dict>
			<key>buildActionMask</key>
			<string>2147483647</string>
			<key>files</key>
			<array/>
			<key>isa</key>
			<string>PBXResourcesBuildPhase</string>
			<key>runOnlyForDeploymentPostprocessing</key>
			<string>0</string>
		</dict>
		<key>D943055D1C5C184B00FA14B6</key>
		<dict>
			<key>buildConfigurationList</key>
			<string>D94305721C5C184B00FA14B6</string>
			<key>buildPhases</key>
			<array>
				<string>0AB028B59FEE803D652071E9</string>
				<string>D94305591C5C184B00FA14B6</string>
				<string>D943055A1C5C184B00FA14B6</string>
				<string>D943055B1C5C184B00FA14B6</string>
				<string>D943055C1C5C184B00FA14B6</string>
				<string>8A6C11D6965DA364CA215B46</string>
			</array>
			<key>buildRules</key>
			<array/>
			<key>dependencies</key>
			<array/>
			<key>isa</key>
			<string>PBXNativeTarget</string>
			<key>name</key>
			<string>LDSAnnotations</string>
			<key>productName</key>
			<string>LDSAnnotations</string>
			<key>productReference</key>
			<string>D943055E1C5C184B00FA14B6</string>
			<key>productType</key>
			<string>com.apple.product-type.framework</string>
		</dict>
		<key>D943055E1C5C184B00FA14B6</key>
		<dict>
			<key>explicitFileType</key>
			<string>wrapper.framework</string>
			<key>includeInIndex</key>
			<string>0</string>
			<key>isa</key>
			<string>PBXFileReference</string>
			<key>path</key>
			<string>LDSAnnotations.framework</string>
			<key>sourceTree</key>
			<string>BUILT_PRODUCTS_DIR</string>
		</dict>
		<key>D943055F1C5C184B00FA14B6</key>
		<dict>
			<key>children</key>
			<array>
				<string>D943055E1C5C184B00FA14B6</string>
				<string>D90A3CDC1C95C6FE0060094B</string>
			</array>
			<key>isa</key>
			<string>PBXGroup</string>
			<key>name</key>
			<string>Products</string>
			<key>sourceTree</key>
			<string>&lt;group&gt;</string>
		</dict>
		<key>D94305601C5C184B00FA14B6</key>
		<dict>
			<key>children</key>
			<array>
				<string>D49E240B1D0072E000052511</string>
				<string>D9C470DD1C61761E00EDCD69</string>
				<string>D9C470DE1C6176FF00EDCD69</string>
				<string>D94305611C5C184B00FA14B6</string>
				<string>D94305631C5C184B00FA14B6</string>
			</array>
			<key>isa</key>
			<string>PBXGroup</string>
			<key>path</key>
			<string>LDSAnnotations</string>
			<key>sourceTree</key>
			<string>&lt;group&gt;</string>
		</dict>
		<key>D94305611C5C184B00FA14B6</key>
		<dict>
			<key>isa</key>
			<string>PBXFileReference</string>
			<key>lastKnownFileType</key>
			<string>sourcecode.c.h</string>
			<key>path</key>
			<string>LDSAnnotations.h</string>
			<key>sourceTree</key>
			<string>&lt;group&gt;</string>
		</dict>
		<key>D94305621C5C184B00FA14B6</key>
		<dict>
			<key>fileRef</key>
			<string>D94305611C5C184B00FA14B6</string>
			<key>isa</key>
			<string>PBXBuildFile</string>
			<key>settings</key>
			<dict>
				<key>ATTRIBUTES</key>
				<array>
					<string>Public</string>
				</array>
			</dict>
		</dict>
		<key>D94305631C5C184B00FA14B6</key>
		<dict>
			<key>isa</key>
			<string>PBXFileReference</string>
			<key>lastKnownFileType</key>
			<string>text.plist.xml</string>
			<key>path</key>
			<string>Info.plist</string>
			<key>sourceTree</key>
			<string>&lt;group&gt;</string>
		</dict>
		<key>D94305701C5C184B00FA14B6</key>
		<dict>
			<key>buildSettings</key>
			<dict>
				<key>ALWAYS_SEARCH_USER_PATHS</key>
				<string>NO</string>
				<key>CLANG_CXX_LANGUAGE_STANDARD</key>
				<string>gnu++0x</string>
				<key>CLANG_CXX_LIBRARY</key>
				<string>libc++</string>
				<key>CLANG_ENABLE_MODULES</key>
				<string>YES</string>
				<key>CLANG_ENABLE_OBJC_ARC</key>
				<string>YES</string>
				<key>CLANG_WARN_BOOL_CONVERSION</key>
				<string>YES</string>
				<key>CLANG_WARN_CONSTANT_CONVERSION</key>
				<string>YES</string>
				<key>CLANG_WARN_DIRECT_OBJC_ISA_USAGE</key>
				<string>YES_ERROR</string>
				<key>CLANG_WARN_EMPTY_BODY</key>
				<string>YES</string>
				<key>CLANG_WARN_ENUM_CONVERSION</key>
				<string>YES</string>
				<key>CLANG_WARN_INT_CONVERSION</key>
				<string>YES</string>
				<key>CLANG_WARN_OBJC_ROOT_CLASS</key>
				<string>YES_ERROR</string>
				<key>CLANG_WARN_UNREACHABLE_CODE</key>
				<string>YES</string>
				<key>CLANG_WARN__DUPLICATE_METHOD_MATCH</key>
				<string>YES</string>
				<key>CODE_SIGN_IDENTITY[sdk=iphoneos*]</key>
				<string>iPhone Developer</string>
				<key>COPY_PHASE_STRIP</key>
				<string>NO</string>
				<key>CURRENT_PROJECT_VERSION</key>
				<string>1</string>
				<key>DEBUG_INFORMATION_FORMAT</key>
				<string>dwarf</string>
				<key>ENABLE_STRICT_OBJC_MSGSEND</key>
				<string>YES</string>
				<key>ENABLE_TESTABILITY</key>
				<string>YES</string>
				<key>GCC_C_LANGUAGE_STANDARD</key>
				<string>gnu99</string>
				<key>GCC_DYNAMIC_NO_PIC</key>
				<string>NO</string>
				<key>GCC_NO_COMMON_BLOCKS</key>
				<string>YES</string>
				<key>GCC_OPTIMIZATION_LEVEL</key>
				<string>0</string>
				<key>GCC_PREPROCESSOR_DEFINITIONS</key>
				<array>
					<string>DEBUG=1</string>
					<string>$(inherited)</string>
				</array>
				<key>GCC_WARN_64_TO_32_BIT_CONVERSION</key>
				<string>YES</string>
				<key>GCC_WARN_ABOUT_RETURN_TYPE</key>
				<string>YES_ERROR</string>
				<key>GCC_WARN_UNDECLARED_SELECTOR</key>
				<string>YES</string>
				<key>GCC_WARN_UNINITIALIZED_AUTOS</key>
				<string>YES_AGGRESSIVE</string>
				<key>GCC_WARN_UNUSED_FUNCTION</key>
				<string>YES</string>
				<key>GCC_WARN_UNUSED_VARIABLE</key>
				<string>YES</string>
				<key>IPHONEOS_DEPLOYMENT_TARGET</key>
				<string>9.2</string>
				<key>MTL_ENABLE_DEBUG_INFO</key>
				<string>YES</string>
				<key>ONLY_ACTIVE_ARCH</key>
				<string>YES</string>
				<key>SDKROOT</key>
				<string>iphoneos</string>
				<key>SWIFT_OPTIMIZATION_LEVEL</key>
				<string>-Onone</string>
				<key>TARGETED_DEVICE_FAMILY</key>
				<string>1,2</string>
				<key>VERSIONING_SYSTEM</key>
				<string>apple-generic</string>
				<key>VERSION_INFO_PREFIX</key>
				<string></string>
			</dict>
			<key>isa</key>
			<string>XCBuildConfiguration</string>
			<key>name</key>
			<string>Debug</string>
		</dict>
		<key>D94305711C5C184B00FA14B6</key>
		<dict>
			<key>buildSettings</key>
			<dict>
				<key>ALWAYS_SEARCH_USER_PATHS</key>
				<string>NO</string>
				<key>CLANG_CXX_LANGUAGE_STANDARD</key>
				<string>gnu++0x</string>
				<key>CLANG_CXX_LIBRARY</key>
				<string>libc++</string>
				<key>CLANG_ENABLE_MODULES</key>
				<string>YES</string>
				<key>CLANG_ENABLE_OBJC_ARC</key>
				<string>YES</string>
				<key>CLANG_WARN_BOOL_CONVERSION</key>
				<string>YES</string>
				<key>CLANG_WARN_CONSTANT_CONVERSION</key>
				<string>YES</string>
				<key>CLANG_WARN_DIRECT_OBJC_ISA_USAGE</key>
				<string>YES_ERROR</string>
				<key>CLANG_WARN_EMPTY_BODY</key>
				<string>YES</string>
				<key>CLANG_WARN_ENUM_CONVERSION</key>
				<string>YES</string>
				<key>CLANG_WARN_INT_CONVERSION</key>
				<string>YES</string>
				<key>CLANG_WARN_OBJC_ROOT_CLASS</key>
				<string>YES_ERROR</string>
				<key>CLANG_WARN_UNREACHABLE_CODE</key>
				<string>YES</string>
				<key>CLANG_WARN__DUPLICATE_METHOD_MATCH</key>
				<string>YES</string>
				<key>CODE_SIGN_IDENTITY[sdk=iphoneos*]</key>
				<string>iPhone Developer</string>
				<key>COPY_PHASE_STRIP</key>
				<string>NO</string>
				<key>CURRENT_PROJECT_VERSION</key>
				<string>1</string>
				<key>DEBUG_INFORMATION_FORMAT</key>
				<string>dwarf-with-dsym</string>
				<key>ENABLE_NS_ASSERTIONS</key>
				<string>NO</string>
				<key>ENABLE_STRICT_OBJC_MSGSEND</key>
				<string>YES</string>
				<key>GCC_C_LANGUAGE_STANDARD</key>
				<string>gnu99</string>
				<key>GCC_NO_COMMON_BLOCKS</key>
				<string>YES</string>
				<key>GCC_WARN_64_TO_32_BIT_CONVERSION</key>
				<string>YES</string>
				<key>GCC_WARN_ABOUT_RETURN_TYPE</key>
				<string>YES_ERROR</string>
				<key>GCC_WARN_UNDECLARED_SELECTOR</key>
				<string>YES</string>
				<key>GCC_WARN_UNINITIALIZED_AUTOS</key>
				<string>YES_AGGRESSIVE</string>
				<key>GCC_WARN_UNUSED_FUNCTION</key>
				<string>YES</string>
				<key>GCC_WARN_UNUSED_VARIABLE</key>
				<string>YES</string>
				<key>IPHONEOS_DEPLOYMENT_TARGET</key>
				<string>9.2</string>
				<key>MTL_ENABLE_DEBUG_INFO</key>
				<string>NO</string>
				<key>SDKROOT</key>
				<string>iphoneos</string>
				<key>TARGETED_DEVICE_FAMILY</key>
				<string>1,2</string>
				<key>VALIDATE_PRODUCT</key>
				<string>YES</string>
				<key>VERSIONING_SYSTEM</key>
				<string>apple-generic</string>
				<key>VERSION_INFO_PREFIX</key>
				<string></string>
			</dict>
			<key>isa</key>
			<string>XCBuildConfiguration</string>
			<key>name</key>
			<string>Release</string>
		</dict>
		<key>D94305721C5C184B00FA14B6</key>
		<dict>
			<key>buildConfigurations</key>
			<array>
				<string>D94305731C5C184B00FA14B6</string>
				<string>D94305741C5C184B00FA14B6</string>
			</array>
			<key>defaultConfigurationIsVisible</key>
			<string>0</string>
			<key>defaultConfigurationName</key>
			<string>Release</string>
			<key>isa</key>
			<string>XCConfigurationList</string>
		</dict>
		<key>D94305731C5C184B00FA14B6</key>
		<dict>
			<key>baseConfigurationReference</key>
			<string>96C708257BFA1C4E193E6085</string>
			<key>buildSettings</key>
			<dict>
				<key>CLANG_ENABLE_MODULES</key>
				<string>YES</string>
				<key>DEFINES_MODULE</key>
				<string>YES</string>
				<key>DYLIB_COMPATIBILITY_VERSION</key>
				<string>1</string>
				<key>DYLIB_CURRENT_VERSION</key>
				<string>1</string>
				<key>DYLIB_INSTALL_NAME_BASE</key>
				<string>@rpath</string>
				<key>INFOPLIST_FILE</key>
				<string>LDSAnnotations/Info.plist</string>
				<key>INSTALL_PATH</key>
				<string>$(LOCAL_LIBRARY_DIR)/Frameworks</string>
				<key>LD_RUNPATH_SEARCH_PATHS</key>
				<string>$(inherited) @executable_path/Frameworks @loader_path/Frameworks</string>
				<key>PRODUCT_BUNDLE_IDENTIFIER</key>
				<string>com.crosswaterbridge.LDSAnnotations</string>
				<key>PRODUCT_NAME</key>
				<string>LDSAnnotations</string>
				<key>SKIP_INSTALL</key>
				<string>YES</string>
				<key>SWIFT_OPTIMIZATION_LEVEL</key>
				<string>-Onone</string>
				<key>SWIFT_VERSION</key>
				<string>2.3</string>
			</dict>
			<key>isa</key>
			<string>XCBuildConfiguration</string>
			<key>name</key>
			<string>Debug</string>
		</dict>
		<key>D94305741C5C184B00FA14B6</key>
		<dict>
			<key>baseConfigurationReference</key>
			<string>FA4D8B94DD4CF9855F3A67C0</string>
			<key>buildSettings</key>
			<dict>
				<key>CLANG_ENABLE_MODULES</key>
				<string>YES</string>
				<key>DEFINES_MODULE</key>
				<string>YES</string>
				<key>DYLIB_COMPATIBILITY_VERSION</key>
				<string>1</string>
				<key>DYLIB_CURRENT_VERSION</key>
				<string>1</string>
				<key>DYLIB_INSTALL_NAME_BASE</key>
				<string>@rpath</string>
				<key>INFOPLIST_FILE</key>
				<string>LDSAnnotations/Info.plist</string>
				<key>INSTALL_PATH</key>
				<string>$(LOCAL_LIBRARY_DIR)/Frameworks</string>
				<key>LD_RUNPATH_SEARCH_PATHS</key>
				<string>$(inherited) @executable_path/Frameworks @loader_path/Frameworks</string>
				<key>PRODUCT_BUNDLE_IDENTIFIER</key>
				<string>com.crosswaterbridge.LDSAnnotations</string>
				<key>PRODUCT_NAME</key>
				<string>LDSAnnotations</string>
				<key>SKIP_INSTALL</key>
				<string>YES</string>
				<key>SWIFT_VERSION</key>
				<string>2.3</string>
			</dict>
			<key>isa</key>
			<string>XCBuildConfiguration</string>
			<key>name</key>
			<string>Release</string>
		</dict>
		<key>D94305781C5C237B00FA14B6</key>
		<dict>
			<key>fileEncoding</key>
			<string>4</string>
			<key>isa</key>
			<string>PBXFileReference</string>
			<key>lastKnownFileType</key>
			<string>sourcecode.swift</string>
			<key>path</key>
			<string>Session.swift</string>
			<key>sourceTree</key>
			<string>&lt;group&gt;</string>
		</dict>
		<key>D94305791C5C237B00FA14B6</key>
		<dict>
			<key>fileRef</key>
			<string>D94305781C5C237B00FA14B6</string>
			<key>isa</key>
			<string>PBXBuildFile</string>
		</dict>
		<key>D95392CD1D025FA100CB4921</key>
		<dict>
			<key>fileEncoding</key>
			<string>4</string>
			<key>isa</key>
			<string>PBXFileReference</string>
			<key>lastKnownFileType</key>
			<string>sourcecode.swift</string>
			<key>path</key>
			<string>XCTAsserts.swift</string>
			<key>sourceTree</key>
			<string>&lt;group&gt;</string>
		</dict>
		<key>D95392CE1D025FA100CB4921</key>
		<dict>
			<key>fileRef</key>
			<string>D95392CD1D025FA100CB4921</string>
			<key>isa</key>
			<string>PBXBuildFile</string>
		</dict>
		<key>D95392CF1D02611200CB4921</key>
		<dict>
			<key>fileEncoding</key>
			<string>4</string>
			<key>isa</key>
			<string>PBXFileReference</string>
			<key>lastKnownFileType</key>
			<string>sourcecode.swift</string>
			<key>path</key>
			<string>LinkTests.swift</string>
			<key>sourceTree</key>
			<string>&lt;group&gt;</string>
		</dict>
		<key>D95392D01D02611200CB4921</key>
		<dict>
			<key>fileRef</key>
			<string>D95392CF1D02611200CB4921</string>
			<key>isa</key>
			<string>PBXBuildFile</string>
		</dict>
		<key>D95F19B21CD664B2008618AA</key>
		<dict>
			<key>fileEncoding</key>
			<string>4</string>
			<key>isa</key>
			<string>PBXFileReference</string>
			<key>lastKnownFileType</key>
			<string>sourcecode.swift</string>
			<key>path</key>
			<string>BookmarkTests.swift</string>
			<key>sourceTree</key>
			<string>&lt;group&gt;</string>
		</dict>
		<key>D95F19B31CD664B2008618AA</key>
		<dict>
			<key>fileRef</key>
			<string>D95F19B21CD664B2008618AA</string>
			<key>isa</key>
			<string>PBXBuildFile</string>
		</dict>
		<key>D95F19B41CD66F09008618AA</key>
		<dict>
			<key>fileEncoding</key>
			<string>4</string>
			<key>isa</key>
			<string>PBXFileReference</string>
			<key>lastKnownFileType</key>
			<string>sourcecode.swift</string>
			<key>path</key>
			<string>AnnotationStoreTests.swift</string>
			<key>sourceTree</key>
			<string>&lt;group&gt;</string>
		</dict>
		<key>D95F19B51CD66F09008618AA</key>
		<dict>
			<key>fileRef</key>
			<string>D95F19B41CD66F09008618AA</string>
			<key>isa</key>
			<string>PBXBuildFile</string>
		</dict>
		<key>D95F19B61CD6CE67008618AA</key>
		<dict>
			<key>fileEncoding</key>
			<string>4</string>
			<key>isa</key>
			<string>PBXFileReference</string>
			<key>lastKnownFileType</key>
			<string>sourcecode.swift</string>
			<key>path</key>
			<string>SyncResult.swift</string>
			<key>sourceTree</key>
			<string>&lt;group&gt;</string>
		</dict>
		<key>D95F19B71CD6CE67008618AA</key>
		<dict>
			<key>fileRef</key>
			<string>D95F19B61CD6CE67008618AA</string>
			<key>isa</key>
			<string>PBXBuildFile</string>
		</dict>
		<key>D95F19B81CD6D91D008618AA</key>
		<dict>
			<key>children</key>
			<array>
				<string>D9C470961C602B4A00EDCD69</string>
				<string>D9C470941C60273400EDCD69</string>
			</array>
			<key>isa</key>
			<string>PBXGroup</string>
			<key>name</key>
			<string>Auth</string>
			<key>sourceTree</key>
			<string>&lt;group&gt;</string>
		</dict>
		<key>D95F19CC1CD79BB6008618AA</key>
		<dict>
			<key>fileEncoding</key>
			<string>4</string>
			<key>isa</key>
			<string>PBXFileReference</string>
			<key>lastKnownFileType</key>
			<string>sourcecode.swift</string>
			<key>path</key>
			<string>TrustPolicy.swift</string>
			<key>sourceTree</key>
			<string>&lt;group&gt;</string>
		</dict>
		<key>D95F19CD1CD79BB6008618AA</key>
		<dict>
			<key>fileRef</key>
			<string>D95F19CC1CD79BB6008618AA</string>
			<key>isa</key>
			<string>PBXBuildFile</string>
		</dict>
		<key>D95F19CE1CD8DC42008618AA</key>
		<dict>
			<key>fileEncoding</key>
			<string>4</string>
			<key>isa</key>
			<string>PBXFileReference</string>
			<key>lastKnownFileType</key>
			<string>sourcecode.swift</string>
			<key>path</key>
			<string>SyncChanges.swift</string>
			<key>sourceTree</key>
			<string>&lt;group&gt;</string>
		</dict>
		<key>D95F19CF1CD8DC42008618AA</key>
		<dict>
			<key>fileRef</key>
			<string>D95F19CE1CD8DC42008618AA</string>
			<key>isa</key>
			<string>PBXBuildFile</string>
		</dict>
		<key>D95F19D01CD8DCED008618AA</key>
		<dict>
			<key>fileEncoding</key>
			<string>4</string>
			<key>isa</key>
			<string>PBXFileReference</string>
			<key>lastKnownFileType</key>
			<string>sourcecode.swift</string>
			<key>path</key>
			<string>SyncNotebooksChanges.swift</string>
			<key>sourceTree</key>
			<string>&lt;group&gt;</string>
		</dict>
		<key>D95F19D11CD8DCED008618AA</key>
		<dict>
			<key>fileRef</key>
			<string>D95F19D01CD8DCED008618AA</string>
			<key>isa</key>
			<string>PBXBuildFile</string>
		</dict>
		<key>D95F19D21CD8DD9C008618AA</key>
		<dict>
			<key>fileEncoding</key>
			<string>4</string>
			<key>isa</key>
			<string>PBXFileReference</string>
			<key>lastKnownFileType</key>
			<string>sourcecode.swift</string>
			<key>path</key>
			<string>SyncAnnotationsChanges.swift</string>
			<key>sourceTree</key>
			<string>&lt;group&gt;</string>
		</dict>
		<key>D95F19D31CD8DD9C008618AA</key>
		<dict>
			<key>fileRef</key>
			<string>D95F19D21CD8DD9C008618AA</string>
			<key>isa</key>
			<string>PBXBuildFile</string>
		</dict>
		<key>D95F19D41CD8E4C3008618AA</key>
		<dict>
			<key>fileEncoding</key>
			<string>4</string>
			<key>isa</key>
			<string>PBXFileReference</string>
			<key>lastKnownFileType</key>
			<string>sourcecode.swift</string>
			<key>path</key>
			<string>HighlightTests.swift</string>
			<key>sourceTree</key>
			<string>&lt;group&gt;</string>
		</dict>
		<key>D95F19D51CD8E4C3008618AA</key>
		<dict>
			<key>fileRef</key>
			<string>D95F19D41CD8E4C3008618AA</string>
			<key>isa</key>
			<string>PBXBuildFile</string>
		</dict>
		<key>D992347D1C627E6F00177FD2</key>
		<dict>
			<key>fileEncoding</key>
			<string>4</string>
			<key>isa</key>
			<string>PBXFileReference</string>
			<key>lastKnownFileType</key>
			<string>sourcecode.swift</string>
			<key>path</key>
			<string>Notebook.swift</string>
			<key>sourceTree</key>
			<string>&lt;group&gt;</string>
		</dict>
		<key>D992347E1C627E6F00177FD2</key>
		<dict>
			<key>fileRef</key>
			<string>D992347D1C627E6F00177FD2</string>
			<key>isa</key>
			<string>PBXBuildFile</string>
		</dict>
		<key>D99234811C628B7200177FD2</key>
		<dict>
			<key>children</key>
			<array>
				<string>D9C470891C60144800EDCD69</string>
				<string>D99234841C65505C00177FD2</string>
				<string>D95F19D01CD8DCED008618AA</string>
				<string>D99234821C628B7C00177FD2</string>
			</array>
			<key>isa</key>
			<string>PBXGroup</string>
			<key>name</key>
			<string>Notebooks</string>
			<key>sourceTree</key>
			<string>&lt;group&gt;</string>
		</dict>
		<key>D99234821C628B7C00177FD2</key>
		<dict>
			<key>fileEncoding</key>
			<string>4</string>
			<key>isa</key>
			<string>PBXFileReference</string>
			<key>lastKnownFileType</key>
			<string>sourcecode.swift</string>
			<key>path</key>
			<string>ChangeType.swift</string>
			<key>sourceTree</key>
			<string>&lt;group&gt;</string>
		</dict>
		<key>D99234831C628B7C00177FD2</key>
		<dict>
			<key>fileRef</key>
			<string>D99234821C628B7C00177FD2</string>
			<key>isa</key>
			<string>PBXBuildFile</string>
		</dict>
		<key>D99234841C65505C00177FD2</key>
		<dict>
			<key>fileEncoding</key>
			<string>4</string>
			<key>isa</key>
			<string>PBXFileReference</string>
			<key>lastKnownFileType</key>
			<string>sourcecode.swift</string>
			<key>path</key>
			<string>SyncNotebooksResult.swift</string>
			<key>sourceTree</key>
			<string>&lt;group&gt;</string>
		</dict>
		<key>D99234851C65505C00177FD2</key>
		<dict>
			<key>fileRef</key>
			<string>D99234841C65505C00177FD2</string>
			<key>isa</key>
			<string>PBXBuildFile</string>
		</dict>
		<key>D99234861C6567A200177FD2</key>
		<dict>
			<key>fileEncoding</key>
			<string>4</string>
			<key>isa</key>
			<string>PBXFileReference</string>
			<key>lastKnownFileType</key>
			<string>sourcecode.swift</string>
			<key>path</key>
			<string>SyncToken.swift</string>
			<key>sourceTree</key>
			<string>&lt;group&gt;</string>
		</dict>
		<key>D99234871C6567A200177FD2</key>
		<dict>
			<key>fileRef</key>
			<string>D99234861C6567A200177FD2</string>
			<key>isa</key>
			<string>PBXBuildFile</string>
		</dict>
		<key>D992349D1C66CC7100177FD2</key>
		<dict>
			<key>fileEncoding</key>
			<string>4</string>
			<key>isa</key>
			<string>PBXFileReference</string>
			<key>lastKnownFileType</key>
			<string>sourcecode.swift</string>
			<key>path</key>
			<string>NotificationSource.swift</string>
			<key>sourceTree</key>
			<string>&lt;group&gt;</string>
		</dict>
		<key>D992349E1C66CC7100177FD2</key>
		<dict>
			<key>fileRef</key>
			<string>D992349D1C66CC7100177FD2</string>
			<key>isa</key>
			<string>PBXBuildFile</string>
		</dict>
		<key>D9C470891C60144800EDCD69</key>
		<dict>
			<key>fileEncoding</key>
			<string>4</string>
			<key>isa</key>
			<string>PBXFileReference</string>
			<key>lastKnownFileType</key>
			<string>sourcecode.swift</string>
			<key>path</key>
			<string>SyncNotebooksOperation.swift</string>
			<key>sourceTree</key>
			<string>&lt;group&gt;</string>
		</dict>
		<key>D9C4708A1C60144800EDCD69</key>
		<dict>
			<key>fileRef</key>
			<string>D9C470891C60144800EDCD69</string>
			<key>isa</key>
			<string>PBXBuildFile</string>
		</dict>
		<key>D9C470911C60221400EDCD69</key>
		<dict>
			<key>isa</key>
			<string>PBXFileReference</string>
			<key>lastKnownFileType</key>
			<string>wrapper.framework</string>
			<key>name</key>
			<string>PSOperations.framework</string>
			<key>path</key>
			<string>Pods/../build/Debug-iphoneos/PSOperations.framework</string>
			<key>sourceTree</key>
			<string>&lt;group&gt;</string>
		</dict>
		<key>D9C470941C60273400EDCD69</key>
		<dict>
			<key>fileEncoding</key>
			<string>4</string>
			<key>isa</key>
			<string>PBXFileReference</string>
			<key>lastKnownFileType</key>
			<string>sourcecode.swift</string>
			<key>path</key>
			<string>AuthenticateOperation.swift</string>
			<key>sourceTree</key>
			<string>&lt;group&gt;</string>
		</dict>
		<key>D9C470951C60273400EDCD69</key>
		<dict>
			<key>fileRef</key>
			<string>D9C470941C60273400EDCD69</string>
			<key>isa</key>
			<string>PBXBuildFile</string>
		</dict>
		<key>D9C470961C602B4A00EDCD69</key>
		<dict>
			<key>fileEncoding</key>
			<string>4</string>
			<key>isa</key>
			<string>PBXFileReference</string>
			<key>lastKnownFileType</key>
			<string>sourcecode.swift</string>
			<key>path</key>
			<string>AuthenticateCondition.swift</string>
			<key>sourceTree</key>
			<string>&lt;group&gt;</string>
		</dict>
		<key>D9C470971C602B4A00EDCD69</key>
		<dict>
			<key>fileRef</key>
			<string>D9C470961C602B4A00EDCD69</string>
			<key>isa</key>
			<string>PBXBuildFile</string>
		</dict>
		<key>D9C470981C60317E00EDCD69</key>
		<dict>
			<key>fileEncoding</key>
			<string>4</string>
			<key>isa</key>
			<string>PBXFileReference</string>
			<key>lastKnownFileType</key>
			<string>sourcecode.swift</string>
			<key>path</key>
			<string>Error.swift</string>
			<key>sourceTree</key>
			<string>&lt;group&gt;</string>
		</dict>
		<key>D9C470991C60317E00EDCD69</key>
		<dict>
			<key>fileRef</key>
			<string>D9C470981C60317E00EDCD69</string>
			<key>isa</key>
			<string>PBXBuildFile</string>
		</dict>
		<key>D9C4709A1C60319400EDCD69</key>
		<dict>
			<key>fileEncoding</key>
			<string>4</string>
			<key>isa</key>
			<string>PBXFileReference</string>
			<key>lastKnownFileType</key>
			<string>sourcecode.swift</string>
			<key>path</key>
			<string>String+Query.swift</string>
			<key>sourceTree</key>
			<string>&lt;group&gt;</string>
		</dict>
		<key>D9C4709B1C60319400EDCD69</key>
		<dict>
			<key>fileRef</key>
			<string>D9C4709A1C60319400EDCD69</string>
			<key>isa</key>
			<string>PBXBuildFile</string>
		</dict>
		<key>D9C470D51C614FAE00EDCD69</key>
		<dict>
			<key>fileEncoding</key>
			<string>4</string>
			<key>isa</key>
			<string>PBXFileReference</string>
			<key>lastKnownFileType</key>
			<string>sourcecode.swift</string>
			<key>path</key>
			<string>NSDate+ISO8601.swift</string>
			<key>sourceTree</key>
			<string>&lt;group&gt;</string>
		</dict>
		<key>D9C470D61C614FAE00EDCD69</key>
		<dict>
			<key>fileRef</key>
			<string>D9C470D51C614FAE00EDCD69</string>
			<key>isa</key>
			<string>PBXBuildFile</string>
		</dict>
		<key>D9C470D71C615C1300EDCD69</key>
		<dict>
			<key>fileEncoding</key>
			<string>4</string>
			<key>isa</key>
			<string>PBXFileReference</string>
			<key>lastKnownFileType</key>
			<string>sourcecode.swift</string>
			<key>path</key>
			<string>NSMutableURLRequest+Sync.swift</string>
			<key>sourceTree</key>
			<string>&lt;group&gt;</string>
		</dict>
		<key>D9C470D81C615C1300EDCD69</key>
		<dict>
			<key>fileRef</key>
			<string>D9C470D71C615C1300EDCD69</string>
			<key>isa</key>
			<string>PBXBuildFile</string>
		</dict>
		<key>D9C470DB1C61655100EDCD69</key>
		<dict>
			<key>fileEncoding</key>
			<string>4</string>
			<key>isa</key>
			<string>PBXFileReference</string>
			<key>lastKnownFileType</key>
			<string>sourcecode.swift</string>
			<key>path</key>
			<string>Response.swift</string>
			<key>sourceTree</key>
			<string>&lt;group&gt;</string>
		</dict>
		<key>D9C470DC1C61655100EDCD69</key>
		<dict>
			<key>fileRef</key>
			<string>D9C470DB1C61655100EDCD69</string>
			<key>isa</key>
			<string>PBXBuildFile</string>
		</dict>
		<key>D9C470DD1C61761E00EDCD69</key>
		<dict>
			<key>children</key>
			<array>
				<string>D94305781C5C237B00FA14B6</string>
				<string>D95F19CC1CD79BB6008618AA</string>
				<string>D95F19B61CD6CE67008618AA</string>
				<string>D99234861C6567A200177FD2</string>
				<string>D95F19CE1CD8DC42008618AA</string>
				<string>D9C470DB1C61655100EDCD69</string>
				<string>D9C470981C60317E00EDCD69</string>
				<string>D9C470D71C615C1300EDCD69</string>
				<string>D9C4709A1C60319400EDCD69</string>
				<string>D9C470D51C614FAE00EDCD69</string>
				<string>D95F19B81CD6D91D008618AA</string>
				<string>D99234811C628B7200177FD2</string>
				<string>D40F0A201C97531D002D61EA</string>
			</array>
			<key>isa</key>
			<string>PBXGroup</string>
			<key>name</key>
			<string>Web Service</string>
			<key>sourceTree</key>
			<string>&lt;group&gt;</string>
		</dict>
		<key>D9C470DE1C6176FF00EDCD69</key>
		<dict>
			<key>children</key>
			<array>
				<string>D40F0A211C975368002D61EA</string>
				<string>D48FD6A21C9B0C640089EA68</string>
				<string>D9C470E11C617A0400EDCD69</string>
				<string>D9C470DF1C61773D00EDCD69</string>
				<string>D48FD6A41C9B0CC70089EA68</string>
				<string>D4ACFD3D1C99EDF0008CEF22</string>
				<string>D4A90CE51C9877B10010F8F2</string>
				<string>D4ACFD351C99DD57008CEF22</string>
				<string>D4ACFD371C99E1DC008CEF22</string>
				<string>D4ACFD3F1C99F6A5008CEF22</string>
				<string>D4A90CE71C988FBD0010F8F2</string>
				<string>D4A90CE31C9876230010F8F2</string>
				<string>D4ACFD391C99EB37008CEF22</string>
				<string>D4ACFD3B1C99ECF1008CEF22</string>
				<string>D40F0A231C975988002D61EA</string>
				<string>D40F0A2F1C977129002D61EA</string>
				<string>D40F0A251C976507002D61EA</string>
				<string>D40F0A271C976634002D61EA</string>
				<string>D40F0A2D1C976B7E002D61EA</string>
				<string>D40F0A291C97693C002D61EA</string>
				<string>D992347D1C627E6F00177FD2</string>
				<string>D992349D1C66CC7100177FD2</string>
				<string>D40F0A2B1C976A58002D61EA</string>
				<string>D40ADDCF1D0F0BEE004FA7F5</string>
			</array>
			<key>isa</key>
			<string>PBXGroup</string>
			<key>name</key>
			<string>Local Data</string>
			<key>sourceTree</key>
			<string>&lt;group&gt;</string>
		</dict>
		<key>D9C470DF1C61773D00EDCD69</key>
		<dict>
			<key>fileEncoding</key>
			<string>4</string>
			<key>isa</key>
			<string>PBXFileReference</string>
			<key>lastKnownFileType</key>
			<string>sourcecode.swift</string>
			<key>path</key>
			<string>AnnotationStore.swift</string>
			<key>sourceTree</key>
			<string>&lt;group&gt;</string>
		</dict>
		<key>D9C470E01C61773D00EDCD69</key>
		<dict>
			<key>fileRef</key>
			<string>D9C470DF1C61773D00EDCD69</string>
			<key>isa</key>
			<string>PBXBuildFile</string>
		</dict>
		<key>D9C470E11C617A0400EDCD69</key>
		<dict>
			<key>fileEncoding</key>
			<string>4</string>
			<key>isa</key>
			<string>PBXFileReference</string>
			<key>lastKnownFileType</key>
			<string>sourcecode.swift</string>
			<key>path</key>
			<string>AnnotationStatus.swift</string>
			<key>sourceTree</key>
			<string>&lt;group&gt;</string>
		</dict>
		<key>D9C470E21C617A0400EDCD69</key>
		<dict>
			<key>fileRef</key>
			<string>D9C470E11C617A0400EDCD69</string>
			<key>isa</key>
			<string>PBXBuildFile</string>
		</dict>
		<key>E1FF38C63A5D0B9DA2647B26</key>
		<dict>
			<key>fileRef</key>
			<string>BAE127B5B21A59151FE29308</string>
			<key>isa</key>
			<string>PBXBuildFile</string>
		</dict>
		<key>F0BC1F7DCEC9FBE69E62A9B8</key>
		<dict>
			<key>children</key>
			<array>
				<string>D9C470911C60221400EDCD69</string>
				<string>BAE127B5B21A59151FE29308</string>
				<string>81C56F5619CFE5F829CAA9F2</string>
			</array>
			<key>isa</key>
			<string>PBXGroup</string>
			<key>name</key>
			<string>Frameworks</string>
			<key>sourceTree</key>
			<string>&lt;group&gt;</string>
		</dict>
		<key>F307DFAD84BDB082F26E85C5</key>
		<dict>
			<key>children</key>
			<array>
				<string>96C708257BFA1C4E193E6085</string>
				<string>FA4D8B94DD4CF9855F3A67C0</string>
				<string>08B6B579CA796A42FA364261</string>
				<string>969F3DB91A011C20BC9117D7</string>
			</array>
			<key>isa</key>
			<string>PBXGroup</string>
			<key>name</key>
			<string>Pods</string>
			<key>sourceTree</key>
			<string>&lt;group&gt;</string>
		</dict>
		<key>FA4D8B94DD4CF9855F3A67C0</key>
		<dict>
			<key>includeInIndex</key>
			<string>1</string>
			<key>isa</key>
			<string>PBXFileReference</string>
			<key>lastKnownFileType</key>
			<string>text.xcconfig</string>
			<key>name</key>
			<string>Pods-LDSAnnotations.release.xcconfig</string>
			<key>path</key>
			<string>Pods/Target Support Files/Pods-LDSAnnotations/Pods-LDSAnnotations.release.xcconfig</string>
			<key>sourceTree</key>
			<string>&lt;group&gt;</string>
		</dict>
		<key>FD85D981DD1114C3196CCB65</key>
		<dict>
			<key>fileRef</key>
			<string>81C56F5619CFE5F829CAA9F2</string>
			<key>isa</key>
			<string>PBXBuildFile</string>
		</dict>
	</dict>
	<key>rootObject</key>
	<string>D94305551C5C184B00FA14B6</string>
</dict>
</plist>
